// !$*UTF8*$!
{
	archiveVersion = 1;
	classes = {
	};
	objectVersion = 55;
	objects = {

/* Begin PBXBuildFile section */
		2E1F1DBC27E4913600FA7B77 /* Coordinator.swift in Sources */ = {isa = PBXBuildFile; fileRef = 2E1F1DBB27E4913600FA7B77 /* Coordinator.swift */; };
		2E1F1DBF27E4936700FA7B77 /* Main.storyboard in Resources */ = {isa = PBXBuildFile; fileRef = 2E1F1DBD27E4936700FA7B77 /* Main.storyboard */; };
		2E1F1DDA27E4FB7E00FA7B77 /* EnterButton.swift in Sources */ = {isa = PBXBuildFile; fileRef = 2E1F1DD927E4FB7E00FA7B77 /* EnterButton.swift */; };
		2EC90F5027E3B74200F2F5FC /* PinLayout in Frameworks */ = {isa = PBXBuildFile; productRef = 2EC90F4F27E3B74200F2F5FC /* PinLayout */; };
		2EECFF3327E5037100BD4BEF /* EnterPresenter.swift in Sources */ = {isa = PBXBuildFile; fileRef = 2EECFF2D27E5037100BD4BEF /* EnterPresenter.swift */; };
		2EECFF3427E5037100BD4BEF /* EnterRouter.swift in Sources */ = {isa = PBXBuildFile; fileRef = 2EECFF2E27E5037100BD4BEF /* EnterRouter.swift */; };
		2EECFF3527E5037100BD4BEF /* EnterViewController.swift in Sources */ = {isa = PBXBuildFile; fileRef = 2EECFF2F27E5037100BD4BEF /* EnterViewController.swift */; };
		2EECFF3627E5037100BD4BEF /* EnterProtocols.swift in Sources */ = {isa = PBXBuildFile; fileRef = 2EECFF3027E5037100BD4BEF /* EnterProtocols.swift */; };
		2EECFF3727E5037100BD4BEF /* EnterInteractor.swift in Sources */ = {isa = PBXBuildFile; fileRef = 2EECFF3127E5037100BD4BEF /* EnterInteractor.swift */; };
		2EECFF3827E5037100BD4BEF /* EnterContainer.swift in Sources */ = {isa = PBXBuildFile; fileRef = 2EECFF3227E5037100BD4BEF /* EnterContainer.swift */; };
		36A9DB0127E2AC3400DB5082 /* AppDelegate.swift in Sources */ = {isa = PBXBuildFile; fileRef = 36A9DB0027E2AC3400DB5082 /* AppDelegate.swift */; };
		36A9DB0327E2AC3400DB5082 /* SceneDelegate.swift in Sources */ = {isa = PBXBuildFile; fileRef = 36A9DB0227E2AC3400DB5082 /* SceneDelegate.swift */; };
		36A9DB0A27E2AC3500DB5082 /* Assets.xcassets in Resources */ = {isa = PBXBuildFile; fileRef = 36A9DB0927E2AC3500DB5082 /* Assets.xcassets */; };
		36A9DB0D27E2AC3500DB5082 /* LaunchScreen.storyboard in Resources */ = {isa = PBXBuildFile; fileRef = 36A9DB0B27E2AC3500DB5082 /* LaunchScreen.storyboard */; };
		36A9DB1827E2AC3500DB5082 /* reshapeTests.swift in Sources */ = {isa = PBXBuildFile; fileRef = 36A9DB1727E2AC3500DB5082 /* reshapeTests.swift */; };
		36A9DB2227E2AC3500DB5082 /* reshapeUITests.swift in Sources */ = {isa = PBXBuildFile; fileRef = 36A9DB2127E2AC3500DB5082 /* reshapeUITests.swift */; };
		36A9DB2427E2AC3500DB5082 /* reshapeUITestsLaunchTests.swift in Sources */ = {isa = PBXBuildFile; fileRef = 36A9DB2327E2AC3500DB5082 /* reshapeUITestsLaunchTests.swift */; };
		941E811527E6149800A33344 /* LoginScreenPresenter.swift in Sources */ = {isa = PBXBuildFile; fileRef = 941E810F27E6149800A33344 /* LoginScreenPresenter.swift */; };
		941E811627E6149800A33344 /* LoginScreenRouter.swift in Sources */ = {isa = PBXBuildFile; fileRef = 941E811027E6149800A33344 /* LoginScreenRouter.swift */; };
		941E811727E6149800A33344 /* LoginScreenViewController.swift in Sources */ = {isa = PBXBuildFile; fileRef = 941E811127E6149800A33344 /* LoginScreenViewController.swift */; };
		941E811827E6149800A33344 /* LoginScreenProtocols.swift in Sources */ = {isa = PBXBuildFile; fileRef = 941E811227E6149800A33344 /* LoginScreenProtocols.swift */; };
		941E811927E6149800A33344 /* LoginScreenInteractor.swift in Sources */ = {isa = PBXBuildFile; fileRef = 941E811327E6149800A33344 /* LoginScreenInteractor.swift */; };
		941E811A27E6149800A33344 /* LoginScreenContainer.swift in Sources */ = {isa = PBXBuildFile; fileRef = 941E811427E6149800A33344 /* LoginScreenContainer.swift */; };
		941E811D27E614F300A33344 /* AuthStackView.swift in Sources */ = {isa = PBXBuildFile; fileRef = 941E811C27E614F300A33344 /* AuthStackView.swift */; };
		94302BC127E66080009E397B /* ForgetPasswordScreenPresenter.swift in Sources */ = {isa = PBXBuildFile; fileRef = 94302BBB27E66080009E397B /* ForgetPasswordScreenPresenter.swift */; };
		94302BC227E66080009E397B /* ForgetPasswordScreenRouter.swift in Sources */ = {isa = PBXBuildFile; fileRef = 94302BBC27E66080009E397B /* ForgetPasswordScreenRouter.swift */; };
		94302BC327E66080009E397B /* ForgetPasswordScreenViewController.swift in Sources */ = {isa = PBXBuildFile; fileRef = 94302BBD27E66080009E397B /* ForgetPasswordScreenViewController.swift */; };
		94302BC427E66080009E397B /* ForgetPasswordScreenProtocols.swift in Sources */ = {isa = PBXBuildFile; fileRef = 94302BBE27E66080009E397B /* ForgetPasswordScreenProtocols.swift */; };
		94302BC527E66080009E397B /* ForgetPasswordScreenInteractor.swift in Sources */ = {isa = PBXBuildFile; fileRef = 94302BBF27E66080009E397B /* ForgetPasswordScreenInteractor.swift */; };
		94302BC627E66080009E397B /* ForgetPasswordScreenContainer.swift in Sources */ = {isa = PBXBuildFile; fileRef = 94302BC027E66080009E397B /* ForgetPasswordScreenContainer.swift */; };
		94302BC827E72E56009E397B /* CloseButton.swift in Sources */ = {isa = PBXBuildFile; fileRef = 94302BC727E72E56009E397B /* CloseButton.swift */; };
		94E13DD527E8DC2D00E9E9F5 /* UIView+Layout.swift in Sources */ = {isa = PBXBuildFile; fileRef = 94E13DD427E8DC2D00E9E9F5 /* UIView+Layout.swift */; };
/* End PBXBuildFile section */

/* Begin PBXContainerItemProxy section */
		36A9DB1427E2AC3500DB5082 /* PBXContainerItemProxy */ = {
			isa = PBXContainerItemProxy;
			containerPortal = 36A9DAF527E2AC3400DB5082 /* Project object */;
			proxyType = 1;
			remoteGlobalIDString = 36A9DAFC27E2AC3400DB5082;
			remoteInfo = reshape;
		};
		36A9DB1E27E2AC3500DB5082 /* PBXContainerItemProxy */ = {
			isa = PBXContainerItemProxy;
			containerPortal = 36A9DAF527E2AC3400DB5082 /* Project object */;
			proxyType = 1;
			remoteGlobalIDString = 36A9DAFC27E2AC3400DB5082;
			remoteInfo = reshape;
		};
/* End PBXContainerItemProxy section */

/* Begin PBXFileReference section */
		2E1F1DBB27E4913600FA7B77 /* Coordinator.swift */ = {isa = PBXFileReference; lastKnownFileType = sourcecode.swift; path = Coordinator.swift; sourceTree = "<group>"; };
		2E1F1DBE27E4936700FA7B77 /* Base */ = {isa = PBXFileReference; lastKnownFileType = file.storyboard; name = Base; path = Base.lproj/Main.storyboard; sourceTree = "<group>"; };
		2E1F1DD927E4FB7E00FA7B77 /* EnterButton.swift */ = {isa = PBXFileReference; lastKnownFileType = sourcecode.swift; path = EnterButton.swift; sourceTree = "<group>"; };
		2EECFF2D27E5037100BD4BEF /* EnterPresenter.swift */ = {isa = PBXFileReference; lastKnownFileType = sourcecode.swift; path = EnterPresenter.swift; sourceTree = "<group>"; };
		2EECFF2E27E5037100BD4BEF /* EnterRouter.swift */ = {isa = PBXFileReference; lastKnownFileType = sourcecode.swift; path = EnterRouter.swift; sourceTree = "<group>"; };
		2EECFF2F27E5037100BD4BEF /* EnterViewController.swift */ = {isa = PBXFileReference; lastKnownFileType = sourcecode.swift; path = EnterViewController.swift; sourceTree = "<group>"; };
		2EECFF3027E5037100BD4BEF /* EnterProtocols.swift */ = {isa = PBXFileReference; lastKnownFileType = sourcecode.swift; path = EnterProtocols.swift; sourceTree = "<group>"; };
		2EECFF3127E5037100BD4BEF /* EnterInteractor.swift */ = {isa = PBXFileReference; lastKnownFileType = sourcecode.swift; path = EnterInteractor.swift; sourceTree = "<group>"; };
		2EECFF3227E5037100BD4BEF /* EnterContainer.swift */ = {isa = PBXFileReference; lastKnownFileType = sourcecode.swift; path = EnterContainer.swift; sourceTree = "<group>"; };
		36A9DAFD27E2AC3400DB5082 /* reshape.app */ = {isa = PBXFileReference; explicitFileType = wrapper.application; includeInIndex = 0; path = reshape.app; sourceTree = BUILT_PRODUCTS_DIR; };
		36A9DB0027E2AC3400DB5082 /* AppDelegate.swift */ = {isa = PBXFileReference; lastKnownFileType = sourcecode.swift; path = AppDelegate.swift; sourceTree = "<group>"; };
		36A9DB0227E2AC3400DB5082 /* SceneDelegate.swift */ = {isa = PBXFileReference; lastKnownFileType = sourcecode.swift; path = SceneDelegate.swift; sourceTree = "<group>"; };
		36A9DB0927E2AC3500DB5082 /* Assets.xcassets */ = {isa = PBXFileReference; lastKnownFileType = folder.assetcatalog; path = Assets.xcassets; sourceTree = "<group>"; };
		36A9DB0C27E2AC3500DB5082 /* Base */ = {isa = PBXFileReference; lastKnownFileType = file.storyboard; name = Base; path = Base.lproj/LaunchScreen.storyboard; sourceTree = "<group>"; };
		36A9DB0E27E2AC3500DB5082 /* Info.plist */ = {isa = PBXFileReference; lastKnownFileType = text.plist.xml; path = Info.plist; sourceTree = "<group>"; };
		36A9DB1327E2AC3500DB5082 /* reshapeTests.xctest */ = {isa = PBXFileReference; explicitFileType = wrapper.cfbundle; includeInIndex = 0; path = reshapeTests.xctest; sourceTree = BUILT_PRODUCTS_DIR; };
		36A9DB1727E2AC3500DB5082 /* reshapeTests.swift */ = {isa = PBXFileReference; lastKnownFileType = sourcecode.swift; path = reshapeTests.swift; sourceTree = "<group>"; };
		36A9DB1D27E2AC3500DB5082 /* reshapeUITests.xctest */ = {isa = PBXFileReference; explicitFileType = wrapper.cfbundle; includeInIndex = 0; path = reshapeUITests.xctest; sourceTree = BUILT_PRODUCTS_DIR; };
		36A9DB2127E2AC3500DB5082 /* reshapeUITests.swift */ = {isa = PBXFileReference; lastKnownFileType = sourcecode.swift; path = reshapeUITests.swift; sourceTree = "<group>"; };
		36A9DB2327E2AC3500DB5082 /* reshapeUITestsLaunchTests.swift */ = {isa = PBXFileReference; lastKnownFileType = sourcecode.swift; path = reshapeUITestsLaunchTests.swift; sourceTree = "<group>"; };
		941E810F27E6149800A33344 /* LoginScreenPresenter.swift */ = {isa = PBXFileReference; lastKnownFileType = sourcecode.swift; path = LoginScreenPresenter.swift; sourceTree = "<group>"; };
		941E811027E6149800A33344 /* LoginScreenRouter.swift */ = {isa = PBXFileReference; lastKnownFileType = sourcecode.swift; path = LoginScreenRouter.swift; sourceTree = "<group>"; };
		941E811127E6149800A33344 /* LoginScreenViewController.swift */ = {isa = PBXFileReference; lastKnownFileType = sourcecode.swift; path = LoginScreenViewController.swift; sourceTree = "<group>"; };
		941E811227E6149800A33344 /* LoginScreenProtocols.swift */ = {isa = PBXFileReference; lastKnownFileType = sourcecode.swift; path = LoginScreenProtocols.swift; sourceTree = "<group>"; };
		941E811327E6149800A33344 /* LoginScreenInteractor.swift */ = {isa = PBXFileReference; lastKnownFileType = sourcecode.swift; path = LoginScreenInteractor.swift; sourceTree = "<group>"; };
		941E811427E6149800A33344 /* LoginScreenContainer.swift */ = {isa = PBXFileReference; lastKnownFileType = sourcecode.swift; path = LoginScreenContainer.swift; sourceTree = "<group>"; };
		941E811C27E614F300A33344 /* AuthStackView.swift */ = {isa = PBXFileReference; lastKnownFileType = sourcecode.swift; path = AuthStackView.swift; sourceTree = "<group>"; };
		94302BBB27E66080009E397B /* ForgetPasswordScreenPresenter.swift */ = {isa = PBXFileReference; lastKnownFileType = sourcecode.swift; path = ForgetPasswordScreenPresenter.swift; sourceTree = "<group>"; };
		94302BBC27E66080009E397B /* ForgetPasswordScreenRouter.swift */ = {isa = PBXFileReference; lastKnownFileType = sourcecode.swift; path = ForgetPasswordScreenRouter.swift; sourceTree = "<group>"; };
		94302BBD27E66080009E397B /* ForgetPasswordScreenViewController.swift */ = {isa = PBXFileReference; lastKnownFileType = sourcecode.swift; path = ForgetPasswordScreenViewController.swift; sourceTree = "<group>"; };
		94302BBE27E66080009E397B /* ForgetPasswordScreenProtocols.swift */ = {isa = PBXFileReference; lastKnownFileType = sourcecode.swift; path = ForgetPasswordScreenProtocols.swift; sourceTree = "<group>"; };
		94302BBF27E66080009E397B /* ForgetPasswordScreenInteractor.swift */ = {isa = PBXFileReference; lastKnownFileType = sourcecode.swift; path = ForgetPasswordScreenInteractor.swift; sourceTree = "<group>"; };
		94302BC027E66080009E397B /* ForgetPasswordScreenContainer.swift */ = {isa = PBXFileReference; lastKnownFileType = sourcecode.swift; path = ForgetPasswordScreenContainer.swift; sourceTree = "<group>"; };
		94302BC727E72E56009E397B /* CloseButton.swift */ = {isa = PBXFileReference; lastKnownFileType = sourcecode.swift; path = CloseButton.swift; sourceTree = "<group>"; };
		94E13DD427E8DC2D00E9E9F5 /* UIView+Layout.swift */ = {isa = PBXFileReference; lastKnownFileType = sourcecode.swift; path = "UIView+Layout.swift"; sourceTree = "<group>"; };
/* End PBXFileReference section */

/* Begin PBXFrameworksBuildPhase section */
		36A9DAFA27E2AC3400DB5082 /* Frameworks */ = {
			isa = PBXFrameworksBuildPhase;
			buildActionMask = 2147483647;
			files = (
				2EC90F5027E3B74200F2F5FC /* PinLayout in Frameworks */,
			);
			runOnlyForDeploymentPostprocessing = 0;
		};
		36A9DB1027E2AC3500DB5082 /* Frameworks */ = {
			isa = PBXFrameworksBuildPhase;
			buildActionMask = 2147483647;
			files = (
			);
			runOnlyForDeploymentPostprocessing = 0;
		};
		36A9DB1A27E2AC3500DB5082 /* Frameworks */ = {
			isa = PBXFrameworksBuildPhase;
			buildActionMask = 2147483647;
			files = (
			);
			runOnlyForDeploymentPostprocessing = 0;
		};
/* End PBXFrameworksBuildPhase section */

/* Begin PBXGroup section */
		2E1F1DD827E4FB6000FA7B77 /* Views */ = {
			isa = PBXGroup;
			children = (
				2E1F1DD927E4FB7E00FA7B77 /* EnterButton.swift */,
				941E811C27E614F300A33344 /* AuthStackView.swift */,
				94302BC727E72E56009E397B /* CloseButton.swift */,
			);
			path = Views;
			sourceTree = "<group>";
		};
		2EECFF2C27E5035C00BD4BEF /* EnterScreen */ = {
			isa = PBXGroup;
			children = (
				2EECFF2D27E5037100BD4BEF /* EnterPresenter.swift */,
				2EECFF2E27E5037100BD4BEF /* EnterRouter.swift */,
				2EECFF2F27E5037100BD4BEF /* EnterViewController.swift */,
				2EECFF3027E5037100BD4BEF /* EnterProtocols.swift */,
				2EECFF3127E5037100BD4BEF /* EnterInteractor.swift */,
				2EECFF3227E5037100BD4BEF /* EnterContainer.swift */,
			);
			path = EnterScreen;
			sourceTree = "<group>";
		};
		2EECFF3927E505B500BD4BEF /* Application */ = {
			isa = PBXGroup;
			children = (
				36A9DB0027E2AC3400DB5082 /* AppDelegate.swift */,
				36A9DB0227E2AC3400DB5082 /* SceneDelegate.swift */,
				2E1F1DBB27E4913600FA7B77 /* Coordinator.swift */,
				2E1F1DBD27E4936700FA7B77 /* Main.storyboard */,
				36A9DB0927E2AC3500DB5082 /* Assets.xcassets */,
				36A9DB0B27E2AC3500DB5082 /* LaunchScreen.storyboard */,
				94E13DD427E8DC2D00E9E9F5 /* UIView+Layout.swift */,
			);
			path = Application;
			sourceTree = "<group>";
		};
		36A9DAF427E2AC3400DB5082 = {
			isa = PBXGroup;
			children = (
				36A9DAFF27E2AC3400DB5082 /* reshape */,
				36A9DB1627E2AC3500DB5082 /* reshapeTests */,
				36A9DB2027E2AC3500DB5082 /* reshapeUITests */,
				36A9DAFE27E2AC3400DB5082 /* Products */,
			);
			sourceTree = "<group>";
		};
		36A9DAFE27E2AC3400DB5082 /* Products */ = {
			isa = PBXGroup;
			children = (
				36A9DAFD27E2AC3400DB5082 /* reshape.app */,
				36A9DB1327E2AC3500DB5082 /* reshapeTests.xctest */,
				36A9DB1D27E2AC3500DB5082 /* reshapeUITests.xctest */,
			);
			name = Products;
			sourceTree = "<group>";
		};
		36A9DAFF27E2AC3400DB5082 /* reshape */ = {
			isa = PBXGroup;
			children = (
				94302BBA27E66059009E397B /* ForgetPasswordScreen */,
				2EECFF3927E505B500BD4BEF /* Application */,
				2EECFF2C27E5035C00BD4BEF /* EnterScreen */,
				2E1F1DD827E4FB6000FA7B77 /* Views */,
				36A9DB0E27E2AC3500DB5082 /* Info.plist */,
				941E811B27E614A800A33344 /* LoginScreen */,
			);
			path = reshape;
			sourceTree = "<group>";
		};
		36A9DB1627E2AC3500DB5082 /* reshapeTests */ = {
			isa = PBXGroup;
			children = (
				36A9DB1727E2AC3500DB5082 /* reshapeTests.swift */,
			);
			path = reshapeTests;
			sourceTree = "<group>";
		};
		36A9DB2027E2AC3500DB5082 /* reshapeUITests */ = {
			isa = PBXGroup;
			children = (
				36A9DB2127E2AC3500DB5082 /* reshapeUITests.swift */,
				36A9DB2327E2AC3500DB5082 /* reshapeUITestsLaunchTests.swift */,
			);
			path = reshapeUITests;
			sourceTree = "<group>";
		};
		941E811B27E614A800A33344 /* LoginScreen */ = {
			isa = PBXGroup;
			children = (
				941E810F27E6149800A33344 /* LoginScreenPresenter.swift */,
				941E811027E6149800A33344 /* LoginScreenRouter.swift */,
				941E811127E6149800A33344 /* LoginScreenViewController.swift */,
				941E811227E6149800A33344 /* LoginScreenProtocols.swift */,
				941E811327E6149800A33344 /* LoginScreenInteractor.swift */,
				941E811427E6149800A33344 /* LoginScreenContainer.swift */,
			);
			path = LoginScreen;
			sourceTree = "<group>";
		};
		94302BBA27E66059009E397B /* ForgetPasswordScreen */ = {
			isa = PBXGroup;
			children = (
				94302BBB27E66080009E397B /* ForgetPasswordScreenPresenter.swift */,
				94302BBC27E66080009E397B /* ForgetPasswordScreenRouter.swift */,
				94302BBD27E66080009E397B /* ForgetPasswordScreenViewController.swift */,
				94302BBE27E66080009E397B /* ForgetPasswordScreenProtocols.swift */,
				94302BBF27E66080009E397B /* ForgetPasswordScreenInteractor.swift */,
				94302BC027E66080009E397B /* ForgetPasswordScreenContainer.swift */,
			);
			path = ForgetPasswordScreen;
			sourceTree = "<group>";
		};
/* End PBXGroup section */

/* Begin PBXNativeTarget section */
		36A9DAFC27E2AC3400DB5082 /* reshape */ = {
			isa = PBXNativeTarget;
			buildConfigurationList = 36A9DB2727E2AC3500DB5082 /* Build configuration list for PBXNativeTarget "reshape" */;
			buildPhases = (
				36A9DAF927E2AC3400DB5082 /* Sources */,
				36A9DAFA27E2AC3400DB5082 /* Frameworks */,
				36A9DAFB27E2AC3400DB5082 /* Resources */,
			);
			buildRules = (
			);
			dependencies = (
			);
			name = reshape;
			packageProductDependencies = (
				2EC90F4F27E3B74200F2F5FC /* PinLayout */,
			);
			productName = reshape;
			productReference = 36A9DAFD27E2AC3400DB5082 /* reshape.app */;
			productType = "com.apple.product-type.application";
		};
		36A9DB1227E2AC3500DB5082 /* reshapeTests */ = {
			isa = PBXNativeTarget;
			buildConfigurationList = 36A9DB2A27E2AC3500DB5082 /* Build configuration list for PBXNativeTarget "reshapeTests" */;
			buildPhases = (
				36A9DB0F27E2AC3500DB5082 /* Sources */,
				36A9DB1027E2AC3500DB5082 /* Frameworks */,
				36A9DB1127E2AC3500DB5082 /* Resources */,
			);
			buildRules = (
			);
			dependencies = (
				36A9DB1527E2AC3500DB5082 /* PBXTargetDependency */,
			);
			name = reshapeTests;
			productName = reshapeTests;
			productReference = 36A9DB1327E2AC3500DB5082 /* reshapeTests.xctest */;
			productType = "com.apple.product-type.bundle.unit-test";
		};
		36A9DB1C27E2AC3500DB5082 /* reshapeUITests */ = {
			isa = PBXNativeTarget;
			buildConfigurationList = 36A9DB2D27E2AC3500DB5082 /* Build configuration list for PBXNativeTarget "reshapeUITests" */;
			buildPhases = (
				36A9DB1927E2AC3500DB5082 /* Sources */,
				36A9DB1A27E2AC3500DB5082 /* Frameworks */,
				36A9DB1B27E2AC3500DB5082 /* Resources */,
			);
			buildRules = (
			);
			dependencies = (
				36A9DB1F27E2AC3500DB5082 /* PBXTargetDependency */,
			);
			name = reshapeUITests;
			productName = reshapeUITests;
			productReference = 36A9DB1D27E2AC3500DB5082 /* reshapeUITests.xctest */;
			productType = "com.apple.product-type.bundle.ui-testing";
		};
/* End PBXNativeTarget section */

/* Begin PBXProject section */
		36A9DAF527E2AC3400DB5082 /* Project object */ = {
			isa = PBXProject;
			attributes = {
				BuildIndependentTargetsInParallel = 1;
				LastSwiftUpdateCheck = 1310;
				LastUpgradeCheck = 1310;
				TargetAttributes = {
					36A9DAFC27E2AC3400DB5082 = {
						CreatedOnToolsVersion = 13.1;
					};
					36A9DB1227E2AC3500DB5082 = {
						CreatedOnToolsVersion = 13.1;
						TestTargetID = 36A9DAFC27E2AC3400DB5082;
					};
					36A9DB1C27E2AC3500DB5082 = {
						CreatedOnToolsVersion = 13.1;
						TestTargetID = 36A9DAFC27E2AC3400DB5082;
					};
				};
			};
			buildConfigurationList = 36A9DAF827E2AC3400DB5082 /* Build configuration list for PBXProject "reshape" */;
			compatibilityVersion = "Xcode 13.0";
			developmentRegion = en;
			hasScannedForEncodings = 0;
			knownRegions = (
				en,
				Base,
			);
			mainGroup = 36A9DAF427E2AC3400DB5082;
			packageReferences = (
				2EC90F4E27E3B74200F2F5FC /* XCRemoteSwiftPackageReference "PinLayout" */,
			);
			productRefGroup = 36A9DAFE27E2AC3400DB5082 /* Products */;
			projectDirPath = "";
			projectRoot = "";
			targets = (
				36A9DAFC27E2AC3400DB5082 /* reshape */,
				36A9DB1227E2AC3500DB5082 /* reshapeTests */,
				36A9DB1C27E2AC3500DB5082 /* reshapeUITests */,
			);
		};
/* End PBXProject section */

/* Begin PBXResourcesBuildPhase section */
		36A9DAFB27E2AC3400DB5082 /* Resources */ = {
			isa = PBXResourcesBuildPhase;
			buildActionMask = 2147483647;
			files = (
				2E1F1DBF27E4936700FA7B77 /* Main.storyboard in Resources */,
				36A9DB0D27E2AC3500DB5082 /* LaunchScreen.storyboard in Resources */,
				36A9DB0A27E2AC3500DB5082 /* Assets.xcassets in Resources */,
			);
			runOnlyForDeploymentPostprocessing = 0;
		};
		36A9DB1127E2AC3500DB5082 /* Resources */ = {
			isa = PBXResourcesBuildPhase;
			buildActionMask = 2147483647;
			files = (
			);
			runOnlyForDeploymentPostprocessing = 0;
		};
		36A9DB1B27E2AC3500DB5082 /* Resources */ = {
			isa = PBXResourcesBuildPhase;
			buildActionMask = 2147483647;
			files = (
			);
			runOnlyForDeploymentPostprocessing = 0;
		};
/* End PBXResourcesBuildPhase section */

/* Begin PBXSourcesBuildPhase section */
		36A9DAF927E2AC3400DB5082 /* Sources */ = {
			isa = PBXSourcesBuildPhase;
			buildActionMask = 2147483647;
			files = (
				941E811627E6149800A33344 /* LoginScreenRouter.swift in Sources */,
				941E811A27E6149800A33344 /* LoginScreenContainer.swift in Sources */,
				941E811827E6149800A33344 /* LoginScreenProtocols.swift in Sources */,
				2E1F1DDA27E4FB7E00FA7B77 /* EnterButton.swift in Sources */,
				2EECFF3527E5037100BD4BEF /* EnterViewController.swift in Sources */,
				2EECFF3427E5037100BD4BEF /* EnterRouter.swift in Sources */,
				94302BC827E72E56009E397B /* CloseButton.swift in Sources */,
				94302BC227E66080009E397B /* ForgetPasswordScreenRouter.swift in Sources */,
				94302BC427E66080009E397B /* ForgetPasswordScreenProtocols.swift in Sources */,
				2EECFF3727E5037100BD4BEF /* EnterInteractor.swift in Sources */,
				941E811927E6149800A33344 /* LoginScreenInteractor.swift in Sources */,
				2EECFF3627E5037100BD4BEF /* EnterProtocols.swift in Sources */,
				36A9DB0127E2AC3400DB5082 /* AppDelegate.swift in Sources */,
				2E1F1DBC27E4913600FA7B77 /* Coordinator.swift in Sources */,
				2EECFF3827E5037100BD4BEF /* EnterContainer.swift in Sources */,
				94302BC527E66080009E397B /* ForgetPasswordScreenInteractor.swift in Sources */,
				941E811527E6149800A33344 /* LoginScreenPresenter.swift in Sources */,
				2EECFF3327E5037100BD4BEF /* EnterPresenter.swift in Sources */,
				94302BC627E66080009E397B /* ForgetPasswordScreenContainer.swift in Sources */,
				94E13DD527E8DC2D00E9E9F5 /* UIView+Layout.swift in Sources */,
				94302BC127E66080009E397B /* ForgetPasswordScreenPresenter.swift in Sources */,
				94302BC327E66080009E397B /* ForgetPasswordScreenViewController.swift in Sources */,
				941E811D27E614F300A33344 /* AuthStackView.swift in Sources */,
				941E811727E6149800A33344 /* LoginScreenViewController.swift in Sources */,
				36A9DB0327E2AC3400DB5082 /* SceneDelegate.swift in Sources */,
			);
			runOnlyForDeploymentPostprocessing = 0;
		};
		36A9DB0F27E2AC3500DB5082 /* Sources */ = {
			isa = PBXSourcesBuildPhase;
			buildActionMask = 2147483647;
			files = (
				36A9DB1827E2AC3500DB5082 /* reshapeTests.swift in Sources */,
			);
			runOnlyForDeploymentPostprocessing = 0;
		};
		36A9DB1927E2AC3500DB5082 /* Sources */ = {
			isa = PBXSourcesBuildPhase;
			buildActionMask = 2147483647;
			files = (
				36A9DB2227E2AC3500DB5082 /* reshapeUITests.swift in Sources */,
				36A9DB2427E2AC3500DB5082 /* reshapeUITestsLaunchTests.swift in Sources */,
			);
			runOnlyForDeploymentPostprocessing = 0;
		};
/* End PBXSourcesBuildPhase section */

/* Begin PBXTargetDependency section */
		36A9DB1527E2AC3500DB5082 /* PBXTargetDependency */ = {
			isa = PBXTargetDependency;
			target = 36A9DAFC27E2AC3400DB5082 /* reshape */;
			targetProxy = 36A9DB1427E2AC3500DB5082 /* PBXContainerItemProxy */;
		};
		36A9DB1F27E2AC3500DB5082 /* PBXTargetDependency */ = {
			isa = PBXTargetDependency;
			target = 36A9DAFC27E2AC3400DB5082 /* reshape */;
			targetProxy = 36A9DB1E27E2AC3500DB5082 /* PBXContainerItemProxy */;
		};
/* End PBXTargetDependency section */

/* Begin PBXVariantGroup section */
		2E1F1DBD27E4936700FA7B77 /* Main.storyboard */ = {
			isa = PBXVariantGroup;
			children = (
				2E1F1DBE27E4936700FA7B77 /* Base */,
			);
			name = Main.storyboard;
			sourceTree = "<group>";
		};
		36A9DB0B27E2AC3500DB5082 /* LaunchScreen.storyboard */ = {
			isa = PBXVariantGroup;
			children = (
				36A9DB0C27E2AC3500DB5082 /* Base */,
			);
			name = LaunchScreen.storyboard;
			sourceTree = "<group>";
		};
/* End PBXVariantGroup section */

/* Begin XCBuildConfiguration section */
		36A9DB2527E2AC3500DB5082 /* Debug */ = {
			isa = XCBuildConfiguration;
			buildSettings = {
				ALWAYS_SEARCH_USER_PATHS = NO;
				CLANG_ANALYZER_NONNULL = YES;
				CLANG_ANALYZER_NUMBER_OBJECT_CONVERSION = YES_AGGRESSIVE;
				CLANG_CXX_LANGUAGE_STANDARD = "gnu++17";
				CLANG_CXX_LIBRARY = "libc++";
				CLANG_ENABLE_MODULES = YES;
				CLANG_ENABLE_OBJC_ARC = YES;
				CLANG_ENABLE_OBJC_WEAK = YES;
				CLANG_WARN_BLOCK_CAPTURE_AUTORELEASING = YES;
				CLANG_WARN_BOOL_CONVERSION = YES;
				CLANG_WARN_COMMA = YES;
				CLANG_WARN_CONSTANT_CONVERSION = YES;
				CLANG_WARN_DEPRECATED_OBJC_IMPLEMENTATIONS = YES;
				CLANG_WARN_DIRECT_OBJC_ISA_USAGE = YES_ERROR;
				CLANG_WARN_DOCUMENTATION_COMMENTS = YES;
				CLANG_WARN_EMPTY_BODY = YES;
				CLANG_WARN_ENUM_CONVERSION = YES;
				CLANG_WARN_INFINITE_RECURSION = YES;
				CLANG_WARN_INT_CONVERSION = YES;
				CLANG_WARN_NON_LITERAL_NULL_CONVERSION = YES;
				CLANG_WARN_OBJC_IMPLICIT_RETAIN_SELF = YES;
				CLANG_WARN_OBJC_LITERAL_CONVERSION = YES;
				CLANG_WARN_OBJC_ROOT_CLASS = YES_ERROR;
				CLANG_WARN_QUOTED_INCLUDE_IN_FRAMEWORK_HEADER = YES;
				CLANG_WARN_RANGE_LOOP_ANALYSIS = YES;
				CLANG_WARN_STRICT_PROTOTYPES = YES;
				CLANG_WARN_SUSPICIOUS_MOVE = YES;
				CLANG_WARN_UNGUARDED_AVAILABILITY = YES_AGGRESSIVE;
				CLANG_WARN_UNREACHABLE_CODE = YES;
				CLANG_WARN__DUPLICATE_METHOD_MATCH = YES;
				COPY_PHASE_STRIP = NO;
				DEBUG_INFORMATION_FORMAT = dwarf;
				ENABLE_STRICT_OBJC_MSGSEND = YES;
				ENABLE_TESTABILITY = YES;
				GCC_C_LANGUAGE_STANDARD = gnu11;
				GCC_DYNAMIC_NO_PIC = NO;
				GCC_NO_COMMON_BLOCKS = YES;
				GCC_OPTIMIZATION_LEVEL = 0;
				GCC_PREPROCESSOR_DEFINITIONS = (
					"DEBUG=1",
					"$(inherited)",
				);
				GCC_WARN_64_TO_32_BIT_CONVERSION = YES;
				GCC_WARN_ABOUT_RETURN_TYPE = YES_ERROR;
				GCC_WARN_UNDECLARED_SELECTOR = YES;
				GCC_WARN_UNINITIALIZED_AUTOS = YES_AGGRESSIVE;
				GCC_WARN_UNUSED_FUNCTION = YES;
				GCC_WARN_UNUSED_VARIABLE = YES;
				IPHONEOS_DEPLOYMENT_TARGET = 15.0;
				MTL_ENABLE_DEBUG_INFO = INCLUDE_SOURCE;
				MTL_FAST_MATH = YES;
				ONLY_ACTIVE_ARCH = YES;
				SDKROOT = iphoneos;
				SWIFT_ACTIVE_COMPILATION_CONDITIONS = DEBUG;
				SWIFT_OPTIMIZATION_LEVEL = "-Onone";
			};
			name = Debug;
		};
		36A9DB2627E2AC3500DB5082 /* Release */ = {
			isa = XCBuildConfiguration;
			buildSettings = {
				ALWAYS_SEARCH_USER_PATHS = NO;
				CLANG_ANALYZER_NONNULL = YES;
				CLANG_ANALYZER_NUMBER_OBJECT_CONVERSION = YES_AGGRESSIVE;
				CLANG_CXX_LANGUAGE_STANDARD = "gnu++17";
				CLANG_CXX_LIBRARY = "libc++";
				CLANG_ENABLE_MODULES = YES;
				CLANG_ENABLE_OBJC_ARC = YES;
				CLANG_ENABLE_OBJC_WEAK = YES;
				CLANG_WARN_BLOCK_CAPTURE_AUTORELEASING = YES;
				CLANG_WARN_BOOL_CONVERSION = YES;
				CLANG_WARN_COMMA = YES;
				CLANG_WARN_CONSTANT_CONVERSION = YES;
				CLANG_WARN_DEPRECATED_OBJC_IMPLEMENTATIONS = YES;
				CLANG_WARN_DIRECT_OBJC_ISA_USAGE = YES_ERROR;
				CLANG_WARN_DOCUMENTATION_COMMENTS = YES;
				CLANG_WARN_EMPTY_BODY = YES;
				CLANG_WARN_ENUM_CONVERSION = YES;
				CLANG_WARN_INFINITE_RECURSION = YES;
				CLANG_WARN_INT_CONVERSION = YES;
				CLANG_WARN_NON_LITERAL_NULL_CONVERSION = YES;
				CLANG_WARN_OBJC_IMPLICIT_RETAIN_SELF = YES;
				CLANG_WARN_OBJC_LITERAL_CONVERSION = YES;
				CLANG_WARN_OBJC_ROOT_CLASS = YES_ERROR;
				CLANG_WARN_QUOTED_INCLUDE_IN_FRAMEWORK_HEADER = YES;
				CLANG_WARN_RANGE_LOOP_ANALYSIS = YES;
				CLANG_WARN_STRICT_PROTOTYPES = YES;
				CLANG_WARN_SUSPICIOUS_MOVE = YES;
				CLANG_WARN_UNGUARDED_AVAILABILITY = YES_AGGRESSIVE;
				CLANG_WARN_UNREACHABLE_CODE = YES;
				CLANG_WARN__DUPLICATE_METHOD_MATCH = YES;
				COPY_PHASE_STRIP = NO;
				DEBUG_INFORMATION_FORMAT = "dwarf-with-dsym";
				ENABLE_NS_ASSERTIONS = NO;
				ENABLE_STRICT_OBJC_MSGSEND = YES;
				GCC_C_LANGUAGE_STANDARD = gnu11;
				GCC_NO_COMMON_BLOCKS = YES;
				GCC_WARN_64_TO_32_BIT_CONVERSION = YES;
				GCC_WARN_ABOUT_RETURN_TYPE = YES_ERROR;
				GCC_WARN_UNDECLARED_SELECTOR = YES;
				GCC_WARN_UNINITIALIZED_AUTOS = YES_AGGRESSIVE;
				GCC_WARN_UNUSED_FUNCTION = YES;
				GCC_WARN_UNUSED_VARIABLE = YES;
				IPHONEOS_DEPLOYMENT_TARGET = 15.0;
				MTL_ENABLE_DEBUG_INFO = NO;
				MTL_FAST_MATH = YES;
				SDKROOT = iphoneos;
				SWIFT_COMPILATION_MODE = wholemodule;
				SWIFT_OPTIMIZATION_LEVEL = "-O";
				VALIDATE_PRODUCT = YES;
			};
			name = Release;
		};
		36A9DB2827E2AC3500DB5082 /* Debug */ = {
			isa = XCBuildConfiguration;
			buildSettings = {
				ASSETCATALOG_COMPILER_APPICON_NAME = AppIcon;
				ASSETCATALOG_COMPILER_GLOBAL_ACCENT_COLOR_NAME = AccentColor;
				CODE_SIGN_STYLE = Automatic;
				CURRENT_PROJECT_VERSION = 1;
				DEVELOPMENT_TEAM = 28923ZJ47C;
				GENERATE_INFOPLIST_FILE = YES;
				INFOPLIST_FILE = reshape/Info.plist;
				INFOPLIST_KEY_UIApplicationSupportsIndirectInputEvents = YES;
				INFOPLIST_KEY_UILaunchStoryboardName = LaunchScreen;
				INFOPLIST_KEY_UIMainStoryboardFile = Main;
				INFOPLIST_KEY_UISupportedInterfaceOrientations = UIInterfaceOrientationPortrait;
				INFOPLIST_KEY_UISupportedInterfaceOrientations_iPad = "UIInterfaceOrientationPortrait UIInterfaceOrientationPortraitUpsideDown UIInterfaceOrientationLandscapeLeft UIInterfaceOrientationLandscapeRight";
				INFOPLIST_KEY_UISupportedInterfaceOrientations_iPhone = "UIInterfaceOrientationPortrait UIInterfaceOrientationLandscapeLeft UIInterfaceOrientationLandscapeRight";
				LD_RUNPATH_SEARCH_PATHS = (
					"$(inherited)",
					"@executable_path/Frameworks",
				);
				MARKETING_VERSION = 1.0;
				PRODUCT_BUNDLE_IDENTIFIER = ru.reshape;
				PRODUCT_NAME = "$(TARGET_NAME)";
				SWIFT_EMIT_LOC_STRINGS = YES;
				SWIFT_VERSION = 5.0;
				TARGETED_DEVICE_FAMILY = "1,2";
			};
			name = Debug;
		};
		36A9DB2927E2AC3500DB5082 /* Release */ = {
			isa = XCBuildConfiguration;
			buildSettings = {
				ASSETCATALOG_COMPILER_APPICON_NAME = AppIcon;
				ASSETCATALOG_COMPILER_GLOBAL_ACCENT_COLOR_NAME = AccentColor;
				CODE_SIGN_STYLE = Automatic;
				CURRENT_PROJECT_VERSION = 1;
				DEVELOPMENT_TEAM = 28923ZJ47C;
				GENERATE_INFOPLIST_FILE = YES;
				INFOPLIST_FILE = reshape/Info.plist;
				INFOPLIST_KEY_UIApplicationSupportsIndirectInputEvents = YES;
				INFOPLIST_KEY_UILaunchStoryboardName = LaunchScreen;
				INFOPLIST_KEY_UIMainStoryboardFile = Main;
				INFOPLIST_KEY_UISupportedInterfaceOrientations = UIInterfaceOrientationPortrait;
				INFOPLIST_KEY_UISupportedInterfaceOrientations_iPad = "UIInterfaceOrientationPortrait UIInterfaceOrientationPortraitUpsideDown UIInterfaceOrientationLandscapeLeft UIInterfaceOrientationLandscapeRight";
				INFOPLIST_KEY_UISupportedInterfaceOrientations_iPhone = "UIInterfaceOrientationPortrait UIInterfaceOrientationLandscapeLeft UIInterfaceOrientationLandscapeRight";
				LD_RUNPATH_SEARCH_PATHS = (
					"$(inherited)",
					"@executable_path/Frameworks",
				);
				MARKETING_VERSION = 1.0;
				PRODUCT_BUNDLE_IDENTIFIER = ru.reshape;
				PRODUCT_NAME = "$(TARGET_NAME)";
				SWIFT_EMIT_LOC_STRINGS = YES;
				SWIFT_VERSION = 5.0;
				TARGETED_DEVICE_FAMILY = "1,2";
			};
			name = Release;
		};
		36A9DB2B27E2AC3500DB5082 /* Debug */ = {
			isa = XCBuildConfiguration;
			buildSettings = {
				ALWAYS_EMBED_SWIFT_STANDARD_LIBRARIES = YES;
				BUNDLE_LOADER = "$(TEST_HOST)";
				CODE_SIGN_STYLE = Automatic;
				CURRENT_PROJECT_VERSION = 1;
				DEVELOPMENT_TEAM = 28923ZJ47C;
				GENERATE_INFOPLIST_FILE = YES;
				IPHONEOS_DEPLOYMENT_TARGET = 15.0;
				LD_RUNPATH_SEARCH_PATHS = (
					"$(inherited)",
					"@executable_path/Frameworks",
					"@loader_path/Frameworks",
				);
				MARKETING_VERSION = 1.0;
				PRODUCT_BUNDLE_IDENTIFIER = "-.reshapeTests";
				PRODUCT_NAME = "$(TARGET_NAME)";
				SWIFT_EMIT_LOC_STRINGS = NO;
				SWIFT_VERSION = 5.0;
				TARGETED_DEVICE_FAMILY = "1,2";
				TEST_HOST = "$(BUILT_PRODUCTS_DIR)/reshape.app/reshape";
			};
			name = Debug;
		};
		36A9DB2C27E2AC3500DB5082 /* Release */ = {
			isa = XCBuildConfiguration;
			buildSettings = {
				ALWAYS_EMBED_SWIFT_STANDARD_LIBRARIES = YES;
				BUNDLE_LOADER = "$(TEST_HOST)";
				CODE_SIGN_STYLE = Automatic;
				CURRENT_PROJECT_VERSION = 1;
				DEVELOPMENT_TEAM = 28923ZJ47C;
				GENERATE_INFOPLIST_FILE = YES;
				IPHONEOS_DEPLOYMENT_TARGET = 15.0;
				LD_RUNPATH_SEARCH_PATHS = (
					"$(inherited)",
					"@executable_path/Frameworks",
					"@loader_path/Frameworks",
				);
				MARKETING_VERSION = 1.0;
				PRODUCT_BUNDLE_IDENTIFIER = "-.reshapeTests";
				PRODUCT_NAME = "$(TARGET_NAME)";
				SWIFT_EMIT_LOC_STRINGS = NO;
				SWIFT_VERSION = 5.0;
				TARGETED_DEVICE_FAMILY = "1,2";
				TEST_HOST = "$(BUILT_PRODUCTS_DIR)/reshape.app/reshape";
			};
			name = Release;
		};
		36A9DB2E27E2AC3500DB5082 /* Debug */ = {
			isa = XCBuildConfiguration;
			buildSettings = {
				ALWAYS_EMBED_SWIFT_STANDARD_LIBRARIES = YES;
				CODE_SIGN_STYLE = Automatic;
				CURRENT_PROJECT_VERSION = 1;
				DEVELOPMENT_TEAM = 28923ZJ47C;
				GENERATE_INFOPLIST_FILE = YES;
				LD_RUNPATH_SEARCH_PATHS = (
					"$(inherited)",
					"@executable_path/Frameworks",
					"@loader_path/Frameworks",
				);
				MARKETING_VERSION = 1.0;
				PRODUCT_BUNDLE_IDENTIFIER = "-.reshapeUITests";
				PRODUCT_NAME = "$(TARGET_NAME)";
				SWIFT_EMIT_LOC_STRINGS = NO;
				SWIFT_VERSION = 5.0;
				TARGETED_DEVICE_FAMILY = "1,2";
				TEST_TARGET_NAME = reshape;
			};
			name = Debug;
		};
		36A9DB2F27E2AC3500DB5082 /* Release */ = {
			isa = XCBuildConfiguration;
			buildSettings = {
				ALWAYS_EMBED_SWIFT_STANDARD_LIBRARIES = YES;
				CODE_SIGN_STYLE = Automatic;
				CURRENT_PROJECT_VERSION = 1;
				DEVELOPMENT_TEAM = 28923ZJ47C;
				GENERATE_INFOPLIST_FILE = YES;
				LD_RUNPATH_SEARCH_PATHS = (
					"$(inherited)",
					"@executable_path/Frameworks",
					"@loader_path/Frameworks",
				);
				MARKETING_VERSION = 1.0;
				PRODUCT_BUNDLE_IDENTIFIER = "-.reshapeUITests";
				PRODUCT_NAME = "$(TARGET_NAME)";
				SWIFT_EMIT_LOC_STRINGS = NO;
				SWIFT_VERSION = 5.0;
				TARGETED_DEVICE_FAMILY = "1,2";
				TEST_TARGET_NAME = reshape;
			};
			name = Release;
		};
/* End XCBuildConfiguration section */

/* Begin XCConfigurationList section */
		36A9DAF827E2AC3400DB5082 /* Build configuration list for PBXProject "reshape" */ = {
			isa = XCConfigurationList;
			buildConfigurations = (
				36A9DB2527E2AC3500DB5082 /* Debug */,
				36A9DB2627E2AC3500DB5082 /* Release */,
			);
			defaultConfigurationIsVisible = 0;
			defaultConfigurationName = Release;
		};
		36A9DB2727E2AC3500DB5082 /* Build configuration list for PBXNativeTarget "reshape" */ = {
			isa = XCConfigurationList;
			buildConfigurations = (
				36A9DB2827E2AC3500DB5082 /* Debug */,
				36A9DB2927E2AC3500DB5082 /* Release */,
			);
			defaultConfigurationIsVisible = 0;
			defaultConfigurationName = Release;
		};
		36A9DB2A27E2AC3500DB5082 /* Build configuration list for PBXNativeTarget "reshapeTests" */ = {
			isa = XCConfigurationList;
			buildConfigurations = (
				36A9DB2B27E2AC3500DB5082 /* Debug */,
				36A9DB2C27E2AC3500DB5082 /* Release */,
			);
			defaultConfigurationIsVisible = 0;
			defaultConfigurationName = Release;
		};
		36A9DB2D27E2AC3500DB5082 /* Build configuration list for PBXNativeTarget "reshapeUITests" */ = {
			isa = XCConfigurationList;
			buildConfigurations = (
				36A9DB2E27E2AC3500DB5082 /* Debug */,
				36A9DB2F27E2AC3500DB5082 /* Release */,
			);
			defaultConfigurationIsVisible = 0;
			defaultConfigurationName = Release;
		};
/* End XCConfigurationList section */

/* Begin XCRemoteSwiftPackageReference section */
		2EC90F4E27E3B74200F2F5FC /* XCRemoteSwiftPackageReference "PinLayout" */ = {
			isa = XCRemoteSwiftPackageReference;
			repositoryURL = "https://github.com/layoutBox/PinLayout";
			requirement = {
				kind = upToNextMajorVersion;
				minimumVersion = 1.0.0;
			};
		};
/* End XCRemoteSwiftPackageReference section */

/* Begin XCSwiftPackageProductDependency section */
		2EC90F4F27E3B74200F2F5FC /* PinLayout */ = {
			isa = XCSwiftPackageProductDependency;
			package = 2EC90F4E27E3B74200F2F5FC /* XCRemoteSwiftPackageReference "PinLayout" */;
			productName = PinLayout;
		};
/* End XCSwiftPackageProductDependency section */
	};
	rootObject = 36A9DAF527E2AC3400DB5082 /* Project object */;
}
