// !$*UTF8*$!
{
	archiveVersion = 1;
	classes = {
	};
	objectVersion = 55;
	objects = {

/* Begin PBXBuildFile section */
		164211D40170EA15FA9DA1D5 /* Pods_reshapeTests.framework in Frameworks */ = {isa = PBXBuildFile; fileRef = ED6BD05EB76C641AACDC618C /* Pods_reshapeTests.framework */; };
		2E07ABE2281D39D9005DE3E0 /* CellData+CoreDataClass.swift in Sources */ = {isa = PBXBuildFile; fileRef = 2E07ABE0281D39D9005DE3E0 /* CellData+CoreDataClass.swift */; };
		2E07ABE3281D39D9005DE3E0 /* CellData+CoreDataProperties.swift in Sources */ = {isa = PBXBuildFile; fileRef = 2E07ABE1281D39D9005DE3E0 /* CellData+CoreDataProperties.swift */; };
		2E1F1DBF27E4936700FA7B77 /* Main.storyboard in Resources */ = {isa = PBXBuildFile; fileRef = 2E1F1DBD27E4936700FA7B77 /* Main.storyboard */; };
		2E1F1DDA27E4FB7E00FA7B77 /* EnterButton.swift in Sources */ = {isa = PBXBuildFile; fileRef = 2E1F1DD927E4FB7E00FA7B77 /* EnterButton.swift */; };
		2E6730A02809F61000992435 /* WeightInteractor.swift in Sources */ = {isa = PBXBuildFile; fileRef = 2E67309F2809F61000992435 /* WeightInteractor.swift */; };
		2EA1E89F27FCDB47001B329A /* MealCell.swift in Sources */ = {isa = PBXBuildFile; fileRef = 2EA1E89E27FCDB47001B329A /* MealCell.swift */; };
		2EA1E8A127FCDB8E001B329A /* DietHeader.swift in Sources */ = {isa = PBXBuildFile; fileRef = 2EA1E8A027FCDB8E001B329A /* DietHeader.swift */; };
		2EA1E8A328041343001B329A /* UIImage+Extension.swift in Sources */ = {isa = PBXBuildFile; fileRef = 2EA1E8A228041343001B329A /* UIImage+Extension.swift */; };
		2EA6508C27E9BB94003F41FC /* AuthCoordinator.swift in Sources */ = {isa = PBXBuildFile; fileRef = 2EA6508B27E9BB94003F41FC /* AuthCoordinator.swift */; };
		2EA6509527F2ED07003F41FC /* DietCell.swift in Sources */ = {isa = PBXBuildFile; fileRef = 2EA6509427F2ED06003F41FC /* DietCell.swift */; };
		2EAA1B5F2812ADFD00CA4847 /* CoreData.framework in Frameworks */ = {isa = PBXBuildFile; fileRef = 2EAA1B5E2812ADFD00CA4847 /* CoreData.framework */; };
		2EAA1B662812FE8F00CA4847 /* WeightModel.xcdatamodeld in Sources */ = {isa = PBXBuildFile; fileRef = 2EAA1B642812FE8F00CA4847 /* WeightModel.xcdatamodeld */; };
		2EAA1B682812FEC100CA4847 /* WeightModelController.swift in Sources */ = {isa = PBXBuildFile; fileRef = 2EAA1B672812FEC100CA4847 /* WeightModelController.swift */; };
		2EAA1B6F28130A7800CA4847 /* WeightModel+CoreDataClass.swift in Sources */ = {isa = PBXBuildFile; fileRef = 2EAA1B6D28130A7800CA4847 /* WeightModel+CoreDataClass.swift */; };
		2EAA1B7028130A7800CA4847 /* WeightModel+CoreDataProperties.swift in Sources */ = {isa = PBXBuildFile; fileRef = 2EAA1B6E28130A7800CA4847 /* WeightModel+CoreDataProperties.swift */; };
		2EB767C2280605E7008868DD /* DisclosureState.swift in Sources */ = {isa = PBXBuildFile; fileRef = 2EB767C1280605E7008868DD /* DisclosureState.swift */; };
		2EB767C42806060D008868DD /* MealsType.swift in Sources */ = {isa = PBXBuildFile; fileRef = 2EB767C32806060D008868DD /* MealsType.swift */; };
		2EB767CE2809F08F008868DD /* WeightPresenter.swift in Sources */ = {isa = PBXBuildFile; fileRef = 2EB767C82809F08F008868DD /* WeightPresenter.swift */; };
		2EB767CF2809F08F008868DD /* WeightRouter.swift in Sources */ = {isa = PBXBuildFile; fileRef = 2EB767C92809F08F008868DD /* WeightRouter.swift */; };
		2EB767D02809F08F008868DD /* WeightViewController.swift in Sources */ = {isa = PBXBuildFile; fileRef = 2EB767CA2809F08F008868DD /* WeightViewController.swift */; };
		2EB767D12809F08F008868DD /* WeightProtocols.swift in Sources */ = {isa = PBXBuildFile; fileRef = 2EB767CB2809F08F008868DD /* WeightProtocols.swift */; };
		2EB767D32809F08F008868DD /* WeightContainer.swift in Sources */ = {isa = PBXBuildFile; fileRef = 2EB767CD2809F08F008868DD /* WeightContainer.swift */; };
		2EC4E710281345FC002AF235 /* WeightChart.swift in Sources */ = {isa = PBXBuildFile; fileRef = 2EC4E70F281345FB002AF235 /* WeightChart.swift */; };
		2EC4E719281851F4002AF235 /* FireBaseWeightModel.swift in Sources */ = {isa = PBXBuildFile; fileRef = 2EC4E718281851F3002AF235 /* FireBaseWeightModel.swift */; };
		2EC4E71B28185454002AF235 /* AbstractModelController.swift in Sources */ = {isa = PBXBuildFile; fileRef = 2EC4E71A28185454002AF235 /* AbstractModelController.swift */; };
		2EECFF3327E5037100BD4BEF /* EnterPresenter.swift in Sources */ = {isa = PBXBuildFile; fileRef = 2EECFF2D27E5037100BD4BEF /* EnterPresenter.swift */; };
		2EECFF3427E5037100BD4BEF /* EnterRouter.swift in Sources */ = {isa = PBXBuildFile; fileRef = 2EECFF2E27E5037100BD4BEF /* EnterRouter.swift */; };
		2EECFF3527E5037100BD4BEF /* EnterViewController.swift in Sources */ = {isa = PBXBuildFile; fileRef = 2EECFF2F27E5037100BD4BEF /* EnterViewController.swift */; };
		2EECFF3627E5037100BD4BEF /* EnterProtocols.swift in Sources */ = {isa = PBXBuildFile; fileRef = 2EECFF3027E5037100BD4BEF /* EnterProtocols.swift */; };
		2EECFF3727E5037100BD4BEF /* EnterInteractor.swift in Sources */ = {isa = PBXBuildFile; fileRef = 2EECFF3127E5037100BD4BEF /* EnterInteractor.swift */; };
		2EECFF3827E5037100BD4BEF /* EnterContainer.swift in Sources */ = {isa = PBXBuildFile; fileRef = 2EECFF3227E5037100BD4BEF /* EnterContainer.swift */; };
		2EF20BF4280DEC950019CF64 /* AbstractCell.swift in Sources */ = {isa = PBXBuildFile; fileRef = 2EF20BF3280DEC950019CF64 /* AbstractCell.swift */; };
		2EF20BF8280DF0E70019CF64 /* WeightCell.swift in Sources */ = {isa = PBXBuildFile; fileRef = 2EF20BF7280DF0E70019CF64 /* WeightCell.swift */; };
		2EF20BFC280DF19D0019CF64 /* UpGradientPanel.swift in Sources */ = {isa = PBXBuildFile; fileRef = 2EF20BFB280DF19C0019CF64 /* UpGradientPanel.swift */; };
		2EF20BFE280F4F600019CF64 /* DateTimeCell.swift in Sources */ = {isa = PBXBuildFile; fileRef = 2EF20BFD280F4F600019CF64 /* DateTimeCell.swift */; };
		2EF20C01281028750019CF64 /* GradientType.swift in Sources */ = {isa = PBXBuildFile; fileRef = 2EF20C00281028750019CF64 /* GradientType.swift */; };
		2EF20C03281039E50019CF64 /* DateExtension.swift in Sources */ = {isa = PBXBuildFile; fileRef = 2EF20C02281039E50019CF64 /* DateExtension.swift */; };
		2EF3A230281858C300F6E38E /* MealData+CoreDataClass.swift in Sources */ = {isa = PBXBuildFile; fileRef = 2EF3A22E281858C300F6E38E /* MealData+CoreDataClass.swift */; };
		2EF3A231281858C300F6E38E /* MealData+CoreDataProperties.swift in Sources */ = {isa = PBXBuildFile; fileRef = 2EF3A22F281858C300F6E38E /* MealData+CoreDataProperties.swift */; };
		2EF3A23728196C3A00F6E38E /* DietModelController.swift in Sources */ = {isa = PBXBuildFile; fileRef = 2EF3A23628196C3A00F6E38E /* DietModelController.swift */; };
		2EF3A23A28196E9400F6E38E /* DietModel.xcdatamodeld in Sources */ = {isa = PBXBuildFile; fileRef = 2EF3A23828196E9400F6E38E /* DietModel.xcdatamodeld */; };
		2EF3A23C281AA70900F6E38E /* DietFirebaseModelController.swift in Sources */ = {isa = PBXBuildFile; fileRef = 2EF3A23B281AA70900F6E38E /* DietFirebaseModelController.swift */; };
		357B5FE6E268B6FAC461B2AB /* Pods_reshape_reshapeUITests.framework in Frameworks */ = {isa = PBXBuildFile; fileRef = 353F3C6FB248B36FB486BEDC /* Pods_reshape_reshapeUITests.framework */; };
		36A9DB0127E2AC3400DB5082 /* AppDelegate.swift in Sources */ = {isa = PBXBuildFile; fileRef = 36A9DB0027E2AC3400DB5082 /* AppDelegate.swift */; };
		36A9DB0327E2AC3400DB5082 /* SceneDelegate.swift in Sources */ = {isa = PBXBuildFile; fileRef = 36A9DB0227E2AC3400DB5082 /* SceneDelegate.swift */; };
		36A9DB0A27E2AC3500DB5082 /* Assets.xcassets in Resources */ = {isa = PBXBuildFile; fileRef = 36A9DB0927E2AC3500DB5082 /* Assets.xcassets */; };
		36A9DB0D27E2AC3500DB5082 /* LaunchScreen.storyboard in Resources */ = {isa = PBXBuildFile; fileRef = 36A9DB0B27E2AC3500DB5082 /* LaunchScreen.storyboard */; };
		36A9DB1827E2AC3500DB5082 /* reshapeTests.swift in Sources */ = {isa = PBXBuildFile; fileRef = 36A9DB1727E2AC3500DB5082 /* reshapeTests.swift */; };
		36A9DB2227E2AC3500DB5082 /* reshapeUITests.swift in Sources */ = {isa = PBXBuildFile; fileRef = 36A9DB2127E2AC3500DB5082 /* reshapeUITests.swift */; };
		36A9DB2427E2AC3500DB5082 /* reshapeUITestsLaunchTests.swift in Sources */ = {isa = PBXBuildFile; fileRef = 36A9DB2327E2AC3500DB5082 /* reshapeUITestsLaunchTests.swift */; };
		60E44D9828082AB000B3DDE6 /* ReuseIdentifier.swift in Sources */ = {isa = PBXBuildFile; fileRef = 60E44D9728082AB000B3DDE6 /* ReuseIdentifier.swift */; };
		60E44D9A28082ABC00B3DDE6 /* ColorExtension.swift in Sources */ = {isa = PBXBuildFile; fileRef = 60E44D9928082ABC00B3DDE6 /* ColorExtension.swift */; };
		7603292D4EAB5D9C281BB938 /* Pods_reshape.framework in Frameworks */ = {isa = PBXBuildFile; fileRef = 10DCC44A988116639741C6F6 /* Pods_reshape.framework */; };
		941E811527E6149800A33344 /* LoginScreenPresenter.swift in Sources */ = {isa = PBXBuildFile; fileRef = 941E810F27E6149800A33344 /* LoginScreenPresenter.swift */; };
		941E811627E6149800A33344 /* LoginScreenRouter.swift in Sources */ = {isa = PBXBuildFile; fileRef = 941E811027E6149800A33344 /* LoginScreenRouter.swift */; };
		941E811727E6149800A33344 /* LoginScreenViewController.swift in Sources */ = {isa = PBXBuildFile; fileRef = 941E811127E6149800A33344 /* LoginScreenViewController.swift */; };
		941E811827E6149800A33344 /* LoginScreenProtocols.swift in Sources */ = {isa = PBXBuildFile; fileRef = 941E811227E6149800A33344 /* LoginScreenProtocols.swift */; };
		941E811927E6149800A33344 /* LoginScreenInteractor.swift in Sources */ = {isa = PBXBuildFile; fileRef = 941E811327E6149800A33344 /* LoginScreenInteractor.swift */; };
		941E811A27E6149800A33344 /* LoginScreenContainer.swift in Sources */ = {isa = PBXBuildFile; fileRef = 941E811427E6149800A33344 /* LoginScreenContainer.swift */; };
		941E811D27E614F300A33344 /* AuthStackView.swift in Sources */ = {isa = PBXBuildFile; fileRef = 941E811C27E614F300A33344 /* AuthStackView.swift */; };
		94302BC127E66080009E397B /* ForgetPasswordScreenPresenter.swift in Sources */ = {isa = PBXBuildFile; fileRef = 94302BBB27E66080009E397B /* ForgetPasswordScreenPresenter.swift */; };
		94302BC227E66080009E397B /* ForgetPasswordScreenRouter.swift in Sources */ = {isa = PBXBuildFile; fileRef = 94302BBC27E66080009E397B /* ForgetPasswordScreenRouter.swift */; };
		94302BC327E66080009E397B /* ForgetPasswordScreenViewController.swift in Sources */ = {isa = PBXBuildFile; fileRef = 94302BBD27E66080009E397B /* ForgetPasswordScreenViewController.swift */; };
		94302BC427E66080009E397B /* ForgetPasswordScreenProtocols.swift in Sources */ = {isa = PBXBuildFile; fileRef = 94302BBE27E66080009E397B /* ForgetPasswordScreenProtocols.swift */; };
		94302BC527E66080009E397B /* ForgetPasswordScreenInteractor.swift in Sources */ = {isa = PBXBuildFile; fileRef = 94302BBF27E66080009E397B /* ForgetPasswordScreenInteractor.swift */; };
		94302BC627E66080009E397B /* ForgetPasswordScreenContainer.swift in Sources */ = {isa = PBXBuildFile; fileRef = 94302BC027E66080009E397B /* ForgetPasswordScreenContainer.swift */; };
		94302BC827E72E56009E397B /* CloseButton.swift in Sources */ = {isa = PBXBuildFile; fileRef = 94302BC727E72E56009E397B /* CloseButton.swift */; };
		9437920327F9AFA10000188E /* ResultCollectionCell.swift in Sources */ = {isa = PBXBuildFile; fileRef = 9437920127F9AFA10000188E /* ResultCollectionCell.swift */; };
		9437920427F9AFA10000188E /* ResultCollectionCell.xib in Resources */ = {isa = PBXBuildFile; fileRef = 9437920227F9AFA10000188E /* ResultCollectionCell.xib */; };
		945ADFAB27FC4EDD00222156 /* GenderStackView.swift in Sources */ = {isa = PBXBuildFile; fileRef = 945ADFAA27FC4EDD00222156 /* GenderStackView.swift */; };
		945ADFAD27FDC54800222156 /* GenderButton.swift in Sources */ = {isa = PBXBuildFile; fileRef = 945ADFAC27FDC54800222156 /* GenderButton.swift */; };
		945B383727ECC0B90044E952 /* AppCoordinator.swift in Sources */ = {isa = PBXBuildFile; fileRef = 945B383627ECC0B90044E952 /* AppCoordinator.swift */; };
		945B383927ECC0C80044E952 /* MainFlowCoordinator.swift in Sources */ = {isa = PBXBuildFile; fileRef = 945B383827ECC0C80044E952 /* MainFlowCoordinator.swift */; };
		945B383B27ECC10D0044E952 /* CoordinatorProtocol.swift in Sources */ = {isa = PBXBuildFile; fileRef = 945B383A27ECC10D0044E952 /* CoordinatorProtocol.swift */; };
		945B384527ECC32A0044E952 /* ResultsScreenPresenter.swift in Sources */ = {isa = PBXBuildFile; fileRef = 945B383F27ECC32A0044E952 /* ResultsScreenPresenter.swift */; };
		945B384627ECC32A0044E952 /* ResultsScreenRouter.swift in Sources */ = {isa = PBXBuildFile; fileRef = 945B384027ECC32A0044E952 /* ResultsScreenRouter.swift */; };
		945B384727ECC32A0044E952 /* ResultsScreenViewController.swift in Sources */ = {isa = PBXBuildFile; fileRef = 945B384127ECC32A0044E952 /* ResultsScreenViewController.swift */; };
		945B384827ECC32A0044E952 /* ResultsScreenProtocols.swift in Sources */ = {isa = PBXBuildFile; fileRef = 945B384227ECC32A0044E952 /* ResultsScreenProtocols.swift */; };
		945B384927ECC32A0044E952 /* ResultsScreenInteractor.swift in Sources */ = {isa = PBXBuildFile; fileRef = 945B384327ECC32A0044E952 /* ResultsScreenInteractor.swift */; };
		945B384A27ECC32A0044E952 /* ResultsScreenContainer.swift in Sources */ = {isa = PBXBuildFile; fileRef = 945B384427ECC32A0044E952 /* ResultsScreenContainer.swift */; };
		945B385127ECC33A0044E952 /* DietScreenPresenter.swift in Sources */ = {isa = PBXBuildFile; fileRef = 945B384B27ECC33A0044E952 /* DietScreenPresenter.swift */; };
		945B385227ECC33A0044E952 /* DietScreenRouter.swift in Sources */ = {isa = PBXBuildFile; fileRef = 945B384C27ECC33A0044E952 /* DietScreenRouter.swift */; };
		945B385327ECC33A0044E952 /* DietScreenViewController.swift in Sources */ = {isa = PBXBuildFile; fileRef = 945B384D27ECC33A0044E952 /* DietScreenViewController.swift */; };
		945B385427ECC33A0044E952 /* DietScreenProtocols.swift in Sources */ = {isa = PBXBuildFile; fileRef = 945B384E27ECC33A0044E952 /* DietScreenProtocols.swift */; };
		945B385527ECC33A0044E952 /* DietScreenInteractor.swift in Sources */ = {isa = PBXBuildFile; fileRef = 945B384F27ECC33A0044E952 /* DietScreenInteractor.swift */; };
		945B385627ECC33A0044E952 /* DietScreenContainer.swift in Sources */ = {isa = PBXBuildFile; fileRef = 945B385027ECC33A0044E952 /* DietScreenContainer.swift */; };
		945B385D27ECC3500044E952 /* ProfileScreenPresenter.swift in Sources */ = {isa = PBXBuildFile; fileRef = 945B385727ECC3500044E952 /* ProfileScreenPresenter.swift */; };
		945B385E27ECC3500044E952 /* ProfileScreenRouter.swift in Sources */ = {isa = PBXBuildFile; fileRef = 945B385827ECC3500044E952 /* ProfileScreenRouter.swift */; };
		945B385F27ECC3500044E952 /* ProfileScreenViewController.swift in Sources */ = {isa = PBXBuildFile; fileRef = 945B385927ECC3500044E952 /* ProfileScreenViewController.swift */; };
		945B386027ECC3500044E952 /* ProfileScreenProtocols.swift in Sources */ = {isa = PBXBuildFile; fileRef = 945B385A27ECC3500044E952 /* ProfileScreenProtocols.swift */; };
		945B386127ECC3500044E952 /* ProfileScreenInteractor.swift in Sources */ = {isa = PBXBuildFile; fileRef = 945B385B27ECC3500044E952 /* ProfileScreenInteractor.swift */; };
		945B386227ECC3500044E952 /* ProfileScreenContainer.swift in Sources */ = {isa = PBXBuildFile; fileRef = 945B385C27ECC3500044E952 /* ProfileScreenContainer.swift */; };
		945B387227F0C4F70044E952 /* CustomView.swift in Sources */ = {isa = PBXBuildFile; fileRef = 945B387127F0C4F70044E952 /* CustomView.swift */; };
		945B387427F31FC00044E952 /* CircularProgressBarView.swift in Sources */ = {isa = PBXBuildFile; fileRef = 945B387327F31FC00044E952 /* CircularProgressBarView.swift */; };
		945B387627F357450044E952 /* PhotoProgressView.swift in Sources */ = {isa = PBXBuildFile; fileRef = 945B387527F357450044E952 /* PhotoProgressView.swift */; };
		9478495727FB221400138DA4 /* RegisterScreenPresenter.swift in Sources */ = {isa = PBXBuildFile; fileRef = 9478495127FB221400138DA4 /* RegisterScreenPresenter.swift */; };
		9478495827FB221400138DA4 /* RegisterScreenRouter.swift in Sources */ = {isa = PBXBuildFile; fileRef = 9478495227FB221400138DA4 /* RegisterScreenRouter.swift */; };
		9478495927FB221400138DA4 /* RegisterScreenViewController.swift in Sources */ = {isa = PBXBuildFile; fileRef = 9478495327FB221400138DA4 /* RegisterScreenViewController.swift */; };
		9478495A27FB221400138DA4 /* RegisterScreenProtocols.swift in Sources */ = {isa = PBXBuildFile; fileRef = 9478495427FB221400138DA4 /* RegisterScreenProtocols.swift */; };
		9478495B27FB221400138DA4 /* RegisterScreenInteractor.swift in Sources */ = {isa = PBXBuildFile; fileRef = 9478495527FB221400138DA4 /* RegisterScreenInteractor.swift */; };
		9478495C27FB221400138DA4 /* RegisterScreenContainer.swift in Sources */ = {isa = PBXBuildFile; fileRef = 9478495627FB221400138DA4 /* RegisterScreenContainer.swift */; };
		9478495E27FB2EC900138DA4 /* NavigationBarView.swift in Sources */ = {isa = PBXBuildFile; fileRef = 9478495D27FB2EC900138DA4 /* NavigationBarView.swift */; };
		9478496527FC0A3500138DA4 /* ImagePicker.swift in Sources */ = {isa = PBXBuildFile; fileRef = 9478496427FC0A3500138DA4 /* ImagePicker.swift */; };
		94CAB9A02806BA0C00ACAB8C /* RegistrationContentView.swift in Sources */ = {isa = PBXBuildFile; fileRef = 94CAB99F2806BA0C00ACAB8C /* RegistrationContentView.swift */; };
		94E13DD527E8DC2D00E9E9F5 /* UIView+Layout.swift in Sources */ = {isa = PBXBuildFile; fileRef = 94E13DD427E8DC2D00E9E9F5 /* UIView+Layout.swift */; };
		94FC78382809E46D003477FA /* AuthManger.swift in Sources */ = {isa = PBXBuildFile; fileRef = 94FC78372809E46D003477FA /* AuthManger.swift */; };
		94FC783A2809E586003477FA /* AuthErrorCode.swift in Sources */ = {isa = PBXBuildFile; fileRef = 94FC78392809E586003477FA /* AuthErrorCode.swift */; };
		94FC783C280B0C43003477FA /* Alert.swift in Sources */ = {isa = PBXBuildFile; fileRef = 94FC783B280B0C43003477FA /* Alert.swift */; };
		94FC7843280C3A7A003477FA /* RegistrationManager.swift in Sources */ = {isa = PBXBuildFile; fileRef = 94FC7842280C3A7A003477FA /* RegistrationManager.swift */; };
		94FC7845280C468F003477FA /* LoginManager.swift in Sources */ = {isa = PBXBuildFile; fileRef = 94FC7844280C468F003477FA /* LoginManager.swift */; };
		94FC7847280C4745003477FA /* ForgetPasswordManager.swift in Sources */ = {isa = PBXBuildFile; fileRef = 94FC7846280C4744003477FA /* ForgetPasswordManager.swift */; };
		94FC784B280C9E15003477FA /* GoogleService-Info.plist in Resources */ = {isa = PBXBuildFile; fileRef = 94FC784A280C9E15003477FA /* GoogleService-Info.plist */; };
/* End PBXBuildFile section */

/* Begin PBXContainerItemProxy section */
		36A9DB1427E2AC3500DB5082 /* PBXContainerItemProxy */ = {
			isa = PBXContainerItemProxy;
			containerPortal = 36A9DAF527E2AC3400DB5082 /* Project object */;
			proxyType = 1;
			remoteGlobalIDString = 36A9DAFC27E2AC3400DB5082;
			remoteInfo = reshape;
		};
		36A9DB1E27E2AC3500DB5082 /* PBXContainerItemProxy */ = {
			isa = PBXContainerItemProxy;
			containerPortal = 36A9DAF527E2AC3400DB5082 /* Project object */;
			proxyType = 1;
			remoteGlobalIDString = 36A9DAFC27E2AC3400DB5082;
			remoteInfo = reshape;
		};
/* End PBXContainerItemProxy section */

/* Begin PBXFileReference section */
		10DCC44A988116639741C6F6 /* Pods_reshape.framework */ = {isa = PBXFileReference; explicitFileType = wrapper.framework; includeInIndex = 0; path = Pods_reshape.framework; sourceTree = BUILT_PRODUCTS_DIR; };
		1D2092E7B40FEE591F55FD98 /* Pods-reshapeTests.debug.xcconfig */ = {isa = PBXFileReference; includeInIndex = 1; lastKnownFileType = text.xcconfig; name = "Pods-reshapeTests.debug.xcconfig"; path = "Target Support Files/Pods-reshapeTests/Pods-reshapeTests.debug.xcconfig"; sourceTree = "<group>"; };
		2E07ABE0281D39D9005DE3E0 /* CellData+CoreDataClass.swift */ = {isa = PBXFileReference; lastKnownFileType = sourcecode.swift; path = "CellData+CoreDataClass.swift"; sourceTree = "<group>"; };
		2E07ABE1281D39D9005DE3E0 /* CellData+CoreDataProperties.swift */ = {isa = PBXFileReference; lastKnownFileType = sourcecode.swift; path = "CellData+CoreDataProperties.swift"; sourceTree = "<group>"; };
		2E1F1DBE27E4936700FA7B77 /* Base */ = {isa = PBXFileReference; lastKnownFileType = file.storyboard; name = Base; path = Base.lproj/Main.storyboard; sourceTree = "<group>"; };
		2E1F1DD927E4FB7E00FA7B77 /* EnterButton.swift */ = {isa = PBXFileReference; lastKnownFileType = sourcecode.swift; path = EnterButton.swift; sourceTree = "<group>"; };
		2E67309F2809F61000992435 /* WeightInteractor.swift */ = {isa = PBXFileReference; lastKnownFileType = sourcecode.swift; path = WeightInteractor.swift; sourceTree = "<group>"; };
		2EA1E89E27FCDB47001B329A /* MealCell.swift */ = {isa = PBXFileReference; lastKnownFileType = sourcecode.swift; path = MealCell.swift; sourceTree = "<group>"; };
		2EA1E8A027FCDB8E001B329A /* DietHeader.swift */ = {isa = PBXFileReference; lastKnownFileType = sourcecode.swift; path = DietHeader.swift; sourceTree = "<group>"; };
		2EA1E8A228041343001B329A /* UIImage+Extension.swift */ = {isa = PBXFileReference; lastKnownFileType = sourcecode.swift; name = "UIImage+Extension.swift"; path = "reshape/Application/Helpers/UIImage+Extension.swift"; sourceTree = SOURCE_ROOT; };
		2EA6508B27E9BB94003F41FC /* AuthCoordinator.swift */ = {isa = PBXFileReference; fileEncoding = 4; lastKnownFileType = sourcecode.swift; path = AuthCoordinator.swift; sourceTree = "<group>"; };
		2EA6509427F2ED06003F41FC /* DietCell.swift */ = {isa = PBXFileReference; lastKnownFileType = sourcecode.swift; path = DietCell.swift; sourceTree = "<group>"; };
		2EAA1B5E2812ADFD00CA4847 /* CoreData.framework */ = {isa = PBXFileReference; lastKnownFileType = wrapper.framework; name = CoreData.framework; path = System/Library/Frameworks/CoreData.framework; sourceTree = SDKROOT; };
		2EAA1B652812FE8F00CA4847 /* CoreDataModel.xcdatamodel */ = {isa = PBXFileReference; lastKnownFileType = wrapper.xcdatamodel; path = CoreDataModel.xcdatamodel; sourceTree = "<group>"; };
		2EAA1B672812FEC100CA4847 /* WeightModelController.swift */ = {isa = PBXFileReference; lastKnownFileType = sourcecode.swift; path = WeightModelController.swift; sourceTree = "<group>"; };
		2EAA1B6D28130A7800CA4847 /* WeightModel+CoreDataClass.swift */ = {isa = PBXFileReference; lastKnownFileType = sourcecode.swift; path = "WeightModel+CoreDataClass.swift"; sourceTree = "<group>"; };
		2EAA1B6E28130A7800CA4847 /* WeightModel+CoreDataProperties.swift */ = {isa = PBXFileReference; lastKnownFileType = sourcecode.swift; path = "WeightModel+CoreDataProperties.swift"; sourceTree = "<group>"; };
		2EB767C1280605E7008868DD /* DisclosureState.swift */ = {isa = PBXFileReference; lastKnownFileType = sourcecode.swift; path = DisclosureState.swift; sourceTree = "<group>"; };
		2EB767C32806060D008868DD /* MealsType.swift */ = {isa = PBXFileReference; lastKnownFileType = sourcecode.swift; path = MealsType.swift; sourceTree = "<group>"; };
		2EB767C82809F08F008868DD /* WeightPresenter.swift */ = {isa = PBXFileReference; lastKnownFileType = sourcecode.swift; path = WeightPresenter.swift; sourceTree = "<group>"; };
		2EB767C92809F08F008868DD /* WeightRouter.swift */ = {isa = PBXFileReference; lastKnownFileType = sourcecode.swift; path = WeightRouter.swift; sourceTree = "<group>"; };
		2EB767CA2809F08F008868DD /* WeightViewController.swift */ = {isa = PBXFileReference; lastKnownFileType = sourcecode.swift; path = WeightViewController.swift; sourceTree = "<group>"; };
		2EB767CB2809F08F008868DD /* WeightProtocols.swift */ = {isa = PBXFileReference; lastKnownFileType = sourcecode.swift; path = WeightProtocols.swift; sourceTree = "<group>"; };
		2EB767CD2809F08F008868DD /* WeightContainer.swift */ = {isa = PBXFileReference; lastKnownFileType = sourcecode.swift; path = WeightContainer.swift; sourceTree = "<group>"; };
		2EC4E70F281345FB002AF235 /* WeightChart.swift */ = {isa = PBXFileReference; lastKnownFileType = sourcecode.swift; path = WeightChart.swift; sourceTree = "<group>"; };
		2EC4E718281851F3002AF235 /* FireBaseWeightModel.swift */ = {isa = PBXFileReference; fileEncoding = 4; lastKnownFileType = sourcecode.swift; path = FireBaseWeightModel.swift; sourceTree = "<group>"; };
		2EC4E71A28185454002AF235 /* AbstractModelController.swift */ = {isa = PBXFileReference; lastKnownFileType = sourcecode.swift; path = AbstractModelController.swift; sourceTree = "<group>"; };
		2EECFF2D27E5037100BD4BEF /* EnterPresenter.swift */ = {isa = PBXFileReference; lastKnownFileType = sourcecode.swift; path = EnterPresenter.swift; sourceTree = "<group>"; };
		2EECFF2E27E5037100BD4BEF /* EnterRouter.swift */ = {isa = PBXFileReference; lastKnownFileType = sourcecode.swift; path = EnterRouter.swift; sourceTree = "<group>"; };
		2EECFF2F27E5037100BD4BEF /* EnterViewController.swift */ = {isa = PBXFileReference; lastKnownFileType = sourcecode.swift; path = EnterViewController.swift; sourceTree = "<group>"; };
		2EECFF3027E5037100BD4BEF /* EnterProtocols.swift */ = {isa = PBXFileReference; lastKnownFileType = sourcecode.swift; path = EnterProtocols.swift; sourceTree = "<group>"; };
		2EECFF3127E5037100BD4BEF /* EnterInteractor.swift */ = {isa = PBXFileReference; lastKnownFileType = sourcecode.swift; path = EnterInteractor.swift; sourceTree = "<group>"; };
		2EECFF3227E5037100BD4BEF /* EnterContainer.swift */ = {isa = PBXFileReference; lastKnownFileType = sourcecode.swift; path = EnterContainer.swift; sourceTree = "<group>"; };
		2EEEA067D35A51C12D686E6E /* Pods-reshape-reshapeUITests.release.xcconfig */ = {isa = PBXFileReference; includeInIndex = 1; lastKnownFileType = text.xcconfig; name = "Pods-reshape-reshapeUITests.release.xcconfig"; path = "Target Support Files/Pods-reshape-reshapeUITests/Pods-reshape-reshapeUITests.release.xcconfig"; sourceTree = "<group>"; };
		2EF20BF3280DEC950019CF64 /* AbstractCell.swift */ = {isa = PBXFileReference; lastKnownFileType = sourcecode.swift; path = AbstractCell.swift; sourceTree = "<group>"; };
		2EF20BF7280DF0E70019CF64 /* WeightCell.swift */ = {isa = PBXFileReference; lastKnownFileType = sourcecode.swift; path = WeightCell.swift; sourceTree = "<group>"; };
		2EF20BFB280DF19C0019CF64 /* UpGradientPanel.swift */ = {isa = PBXFileReference; fileEncoding = 4; lastKnownFileType = sourcecode.swift; path = UpGradientPanel.swift; sourceTree = "<group>"; };
		2EF20BFD280F4F600019CF64 /* DateTimeCell.swift */ = {isa = PBXFileReference; lastKnownFileType = sourcecode.swift; path = DateTimeCell.swift; sourceTree = "<group>"; };
		2EF20C00281028750019CF64 /* GradientType.swift */ = {isa = PBXFileReference; lastKnownFileType = sourcecode.swift; path = GradientType.swift; sourceTree = "<group>"; };
		2EF20C02281039E50019CF64 /* DateExtension.swift */ = {isa = PBXFileReference; lastKnownFileType = sourcecode.swift; path = DateExtension.swift; sourceTree = "<group>"; };
		2EF3A22E281858C300F6E38E /* MealData+CoreDataClass.swift */ = {isa = PBXFileReference; lastKnownFileType = sourcecode.swift; path = "MealData+CoreDataClass.swift"; sourceTree = "<group>"; };
		2EF3A22F281858C300F6E38E /* MealData+CoreDataProperties.swift */ = {isa = PBXFileReference; lastKnownFileType = sourcecode.swift; path = "MealData+CoreDataProperties.swift"; sourceTree = "<group>"; };
		2EF3A23628196C3A00F6E38E /* DietModelController.swift */ = {isa = PBXFileReference; lastKnownFileType = sourcecode.swift; path = DietModelController.swift; sourceTree = "<group>"; };
		2EF3A23928196E9400F6E38E /* DietModel.xcdatamodel */ = {isa = PBXFileReference; lastKnownFileType = wrapper.xcdatamodel; path = DietModel.xcdatamodel; sourceTree = "<group>"; };
		2EF3A23B281AA70900F6E38E /* DietFirebaseModelController.swift */ = {isa = PBXFileReference; lastKnownFileType = sourcecode.swift; path = DietFirebaseModelController.swift; sourceTree = "<group>"; };
		353F3C6FB248B36FB486BEDC /* Pods_reshape_reshapeUITests.framework */ = {isa = PBXFileReference; explicitFileType = wrapper.framework; includeInIndex = 0; path = Pods_reshape_reshapeUITests.framework; sourceTree = BUILT_PRODUCTS_DIR; };
		36A9DAFD27E2AC3400DB5082 /* reshape.app */ = {isa = PBXFileReference; explicitFileType = wrapper.application; includeInIndex = 0; path = reshape.app; sourceTree = BUILT_PRODUCTS_DIR; };
		36A9DB0027E2AC3400DB5082 /* AppDelegate.swift */ = {isa = PBXFileReference; lastKnownFileType = sourcecode.swift; path = AppDelegate.swift; sourceTree = "<group>"; };
		36A9DB0227E2AC3400DB5082 /* SceneDelegate.swift */ = {isa = PBXFileReference; lastKnownFileType = sourcecode.swift; path = SceneDelegate.swift; sourceTree = "<group>"; };
		36A9DB0927E2AC3500DB5082 /* Assets.xcassets */ = {isa = PBXFileReference; lastKnownFileType = folder.assetcatalog; path = Assets.xcassets; sourceTree = "<group>"; };
		36A9DB0C27E2AC3500DB5082 /* Base */ = {isa = PBXFileReference; lastKnownFileType = file.storyboard; name = Base; path = Base.lproj/LaunchScreen.storyboard; sourceTree = "<group>"; };
		36A9DB0E27E2AC3500DB5082 /* Info.plist */ = {isa = PBXFileReference; lastKnownFileType = text.plist.xml; path = Info.plist; sourceTree = "<group>"; };
		36A9DB1327E2AC3500DB5082 /* reshapeTests.xctest */ = {isa = PBXFileReference; explicitFileType = wrapper.cfbundle; includeInIndex = 0; path = reshapeTests.xctest; sourceTree = BUILT_PRODUCTS_DIR; };
		36A9DB1727E2AC3500DB5082 /* reshapeTests.swift */ = {isa = PBXFileReference; lastKnownFileType = sourcecode.swift; path = reshapeTests.swift; sourceTree = "<group>"; };
		36A9DB1D27E2AC3500DB5082 /* reshapeUITests.xctest */ = {isa = PBXFileReference; explicitFileType = wrapper.cfbundle; includeInIndex = 0; path = reshapeUITests.xctest; sourceTree = BUILT_PRODUCTS_DIR; };
		36A9DB2127E2AC3500DB5082 /* reshapeUITests.swift */ = {isa = PBXFileReference; lastKnownFileType = sourcecode.swift; path = reshapeUITests.swift; sourceTree = "<group>"; };
		36A9DB2327E2AC3500DB5082 /* reshapeUITestsLaunchTests.swift */ = {isa = PBXFileReference; lastKnownFileType = sourcecode.swift; path = reshapeUITestsLaunchTests.swift; sourceTree = "<group>"; };
		4FBE11EF8B315D8C7C4F9435 /* Pods-reshapeTests.release.xcconfig */ = {isa = PBXFileReference; includeInIndex = 1; lastKnownFileType = text.xcconfig; name = "Pods-reshapeTests.release.xcconfig"; path = "Target Support Files/Pods-reshapeTests/Pods-reshapeTests.release.xcconfig"; sourceTree = "<group>"; };
		60E44D9728082AB000B3DDE6 /* ReuseIdentifier.swift */ = {isa = PBXFileReference; lastKnownFileType = sourcecode.swift; name = ReuseIdentifier.swift; path = ../ReuseIdentifier.swift; sourceTree = "<group>"; };
		60E44D9928082ABC00B3DDE6 /* ColorExtension.swift */ = {isa = PBXFileReference; lastKnownFileType = sourcecode.swift; name = ColorExtension.swift; path = ../ColorExtension.swift; sourceTree = "<group>"; };
		941E810F27E6149800A33344 /* LoginScreenPresenter.swift */ = {isa = PBXFileReference; lastKnownFileType = sourcecode.swift; path = LoginScreenPresenter.swift; sourceTree = "<group>"; };
		941E811027E6149800A33344 /* LoginScreenRouter.swift */ = {isa = PBXFileReference; lastKnownFileType = sourcecode.swift; path = LoginScreenRouter.swift; sourceTree = "<group>"; };
		941E811127E6149800A33344 /* LoginScreenViewController.swift */ = {isa = PBXFileReference; lastKnownFileType = sourcecode.swift; path = LoginScreenViewController.swift; sourceTree = "<group>"; };
		941E811227E6149800A33344 /* LoginScreenProtocols.swift */ = {isa = PBXFileReference; lastKnownFileType = sourcecode.swift; path = LoginScreenProtocols.swift; sourceTree = "<group>"; };
		941E811327E6149800A33344 /* LoginScreenInteractor.swift */ = {isa = PBXFileReference; lastKnownFileType = sourcecode.swift; path = LoginScreenInteractor.swift; sourceTree = "<group>"; };
		941E811427E6149800A33344 /* LoginScreenContainer.swift */ = {isa = PBXFileReference; lastKnownFileType = sourcecode.swift; path = LoginScreenContainer.swift; sourceTree = "<group>"; };
		941E811C27E614F300A33344 /* AuthStackView.swift */ = {isa = PBXFileReference; lastKnownFileType = sourcecode.swift; path = AuthStackView.swift; sourceTree = "<group>"; };
		94302BBB27E66080009E397B /* ForgetPasswordScreenPresenter.swift */ = {isa = PBXFileReference; lastKnownFileType = sourcecode.swift; path = ForgetPasswordScreenPresenter.swift; sourceTree = "<group>"; };
		94302BBC27E66080009E397B /* ForgetPasswordScreenRouter.swift */ = {isa = PBXFileReference; lastKnownFileType = sourcecode.swift; path = ForgetPasswordScreenRouter.swift; sourceTree = "<group>"; };
		94302BBD27E66080009E397B /* ForgetPasswordScreenViewController.swift */ = {isa = PBXFileReference; lastKnownFileType = sourcecode.swift; path = ForgetPasswordScreenViewController.swift; sourceTree = "<group>"; };
		94302BBE27E66080009E397B /* ForgetPasswordScreenProtocols.swift */ = {isa = PBXFileReference; lastKnownFileType = sourcecode.swift; path = ForgetPasswordScreenProtocols.swift; sourceTree = "<group>"; };
		94302BBF27E66080009E397B /* ForgetPasswordScreenInteractor.swift */ = {isa = PBXFileReference; lastKnownFileType = sourcecode.swift; path = ForgetPasswordScreenInteractor.swift; sourceTree = "<group>"; };
		94302BC027E66080009E397B /* ForgetPasswordScreenContainer.swift */ = {isa = PBXFileReference; lastKnownFileType = sourcecode.swift; path = ForgetPasswordScreenContainer.swift; sourceTree = "<group>"; };
		94302BC727E72E56009E397B /* CloseButton.swift */ = {isa = PBXFileReference; lastKnownFileType = sourcecode.swift; path = CloseButton.swift; sourceTree = "<group>"; };
		9437920127F9AFA10000188E /* ResultCollectionCell.swift */ = {isa = PBXFileReference; lastKnownFileType = sourcecode.swift; path = ResultCollectionCell.swift; sourceTree = "<group>"; };
		9437920227F9AFA10000188E /* ResultCollectionCell.xib */ = {isa = PBXFileReference; lastKnownFileType = file.xib; path = ResultCollectionCell.xib; sourceTree = "<group>"; };
		945ADFAA27FC4EDD00222156 /* GenderStackView.swift */ = {isa = PBXFileReference; lastKnownFileType = sourcecode.swift; path = GenderStackView.swift; sourceTree = "<group>"; };
		945ADFAC27FDC54800222156 /* GenderButton.swift */ = {isa = PBXFileReference; lastKnownFileType = sourcecode.swift; path = GenderButton.swift; sourceTree = "<group>"; };
		945B383627ECC0B90044E952 /* AppCoordinator.swift */ = {isa = PBXFileReference; lastKnownFileType = sourcecode.swift; path = AppCoordinator.swift; sourceTree = "<group>"; };
		945B383827ECC0C80044E952 /* MainFlowCoordinator.swift */ = {isa = PBXFileReference; lastKnownFileType = sourcecode.swift; path = MainFlowCoordinator.swift; sourceTree = "<group>"; };
		945B383A27ECC10D0044E952 /* CoordinatorProtocol.swift */ = {isa = PBXFileReference; lastKnownFileType = sourcecode.swift; path = CoordinatorProtocol.swift; sourceTree = "<group>"; };
		945B383F27ECC32A0044E952 /* ResultsScreenPresenter.swift */ = {isa = PBXFileReference; lastKnownFileType = sourcecode.swift; path = ResultsScreenPresenter.swift; sourceTree = "<group>"; };
		945B384027ECC32A0044E952 /* ResultsScreenRouter.swift */ = {isa = PBXFileReference; lastKnownFileType = sourcecode.swift; path = ResultsScreenRouter.swift; sourceTree = "<group>"; };
		945B384127ECC32A0044E952 /* ResultsScreenViewController.swift */ = {isa = PBXFileReference; lastKnownFileType = sourcecode.swift; path = ResultsScreenViewController.swift; sourceTree = "<group>"; };
		945B384227ECC32A0044E952 /* ResultsScreenProtocols.swift */ = {isa = PBXFileReference; lastKnownFileType = sourcecode.swift; path = ResultsScreenProtocols.swift; sourceTree = "<group>"; };
		945B384327ECC32A0044E952 /* ResultsScreenInteractor.swift */ = {isa = PBXFileReference; lastKnownFileType = sourcecode.swift; path = ResultsScreenInteractor.swift; sourceTree = "<group>"; };
		945B384427ECC32A0044E952 /* ResultsScreenContainer.swift */ = {isa = PBXFileReference; lastKnownFileType = sourcecode.swift; path = ResultsScreenContainer.swift; sourceTree = "<group>"; };
		945B384B27ECC33A0044E952 /* DietScreenPresenter.swift */ = {isa = PBXFileReference; lastKnownFileType = sourcecode.swift; path = DietScreenPresenter.swift; sourceTree = "<group>"; };
		945B384C27ECC33A0044E952 /* DietScreenRouter.swift */ = {isa = PBXFileReference; lastKnownFileType = sourcecode.swift; path = DietScreenRouter.swift; sourceTree = "<group>"; };
		945B384D27ECC33A0044E952 /* DietScreenViewController.swift */ = {isa = PBXFileReference; lastKnownFileType = sourcecode.swift; path = DietScreenViewController.swift; sourceTree = "<group>"; };
		945B384E27ECC33A0044E952 /* DietScreenProtocols.swift */ = {isa = PBXFileReference; lastKnownFileType = sourcecode.swift; path = DietScreenProtocols.swift; sourceTree = "<group>"; };
		945B384F27ECC33A0044E952 /* DietScreenInteractor.swift */ = {isa = PBXFileReference; lastKnownFileType = sourcecode.swift; path = DietScreenInteractor.swift; sourceTree = "<group>"; };
		945B385027ECC33A0044E952 /* DietScreenContainer.swift */ = {isa = PBXFileReference; lastKnownFileType = sourcecode.swift; path = DietScreenContainer.swift; sourceTree = "<group>"; };
		945B385727ECC3500044E952 /* ProfileScreenPresenter.swift */ = {isa = PBXFileReference; lastKnownFileType = sourcecode.swift; path = ProfileScreenPresenter.swift; sourceTree = "<group>"; };
		945B385827ECC3500044E952 /* ProfileScreenRouter.swift */ = {isa = PBXFileReference; lastKnownFileType = sourcecode.swift; path = ProfileScreenRouter.swift; sourceTree = "<group>"; };
		945B385927ECC3500044E952 /* ProfileScreenViewController.swift */ = {isa = PBXFileReference; lastKnownFileType = sourcecode.swift; path = ProfileScreenViewController.swift; sourceTree = "<group>"; };
		945B385A27ECC3500044E952 /* ProfileScreenProtocols.swift */ = {isa = PBXFileReference; lastKnownFileType = sourcecode.swift; path = ProfileScreenProtocols.swift; sourceTree = "<group>"; };
		945B385B27ECC3500044E952 /* ProfileScreenInteractor.swift */ = {isa = PBXFileReference; lastKnownFileType = sourcecode.swift; path = ProfileScreenInteractor.swift; sourceTree = "<group>"; };
		945B385C27ECC3500044E952 /* ProfileScreenContainer.swift */ = {isa = PBXFileReference; lastKnownFileType = sourcecode.swift; path = ProfileScreenContainer.swift; sourceTree = "<group>"; };
		945B387127F0C4F70044E952 /* CustomView.swift */ = {isa = PBXFileReference; lastKnownFileType = sourcecode.swift; path = CustomView.swift; sourceTree = "<group>"; };
		945B387327F31FC00044E952 /* CircularProgressBarView.swift */ = {isa = PBXFileReference; lastKnownFileType = sourcecode.swift; path = CircularProgressBarView.swift; sourceTree = "<group>"; };
		945B387527F357450044E952 /* PhotoProgressView.swift */ = {isa = PBXFileReference; lastKnownFileType = sourcecode.swift; path = PhotoProgressView.swift; sourceTree = "<group>"; };
		9478495127FB221400138DA4 /* RegisterScreenPresenter.swift */ = {isa = PBXFileReference; lastKnownFileType = sourcecode.swift; path = RegisterScreenPresenter.swift; sourceTree = "<group>"; };
		9478495227FB221400138DA4 /* RegisterScreenRouter.swift */ = {isa = PBXFileReference; lastKnownFileType = sourcecode.swift; path = RegisterScreenRouter.swift; sourceTree = "<group>"; };
		9478495327FB221400138DA4 /* RegisterScreenViewController.swift */ = {isa = PBXFileReference; lastKnownFileType = sourcecode.swift; path = RegisterScreenViewController.swift; sourceTree = "<group>"; };
		9478495427FB221400138DA4 /* RegisterScreenProtocols.swift */ = {isa = PBXFileReference; lastKnownFileType = sourcecode.swift; path = RegisterScreenProtocols.swift; sourceTree = "<group>"; };
		9478495527FB221400138DA4 /* RegisterScreenInteractor.swift */ = {isa = PBXFileReference; lastKnownFileType = sourcecode.swift; path = RegisterScreenInteractor.swift; sourceTree = "<group>"; };
		9478495627FB221400138DA4 /* RegisterScreenContainer.swift */ = {isa = PBXFileReference; lastKnownFileType = sourcecode.swift; path = RegisterScreenContainer.swift; sourceTree = "<group>"; };
		9478495D27FB2EC900138DA4 /* NavigationBarView.swift */ = {isa = PBXFileReference; lastKnownFileType = sourcecode.swift; path = NavigationBarView.swift; sourceTree = "<group>"; };
		9478496427FC0A3500138DA4 /* ImagePicker.swift */ = {isa = PBXFileReference; lastKnownFileType = sourcecode.swift; path = ImagePicker.swift; sourceTree = "<group>"; };
		94CAB99F2806BA0C00ACAB8C /* RegistrationContentView.swift */ = {isa = PBXFileReference; lastKnownFileType = sourcecode.swift; path = RegistrationContentView.swift; sourceTree = "<group>"; };
		94E13DD427E8DC2D00E9E9F5 /* UIView+Layout.swift */ = {isa = PBXFileReference; lastKnownFileType = sourcecode.swift; path = "UIView+Layout.swift"; sourceTree = "<group>"; };
		94FC78372809E46D003477FA /* AuthManger.swift */ = {isa = PBXFileReference; lastKnownFileType = sourcecode.swift; path = AuthManger.swift; sourceTree = "<group>"; };
		94FC78392809E586003477FA /* AuthErrorCode.swift */ = {isa = PBXFileReference; lastKnownFileType = sourcecode.swift; path = AuthErrorCode.swift; sourceTree = "<group>"; };
		94FC783B280B0C43003477FA /* Alert.swift */ = {isa = PBXFileReference; lastKnownFileType = sourcecode.swift; path = Alert.swift; sourceTree = "<group>"; };
		94FC7842280C3A7A003477FA /* RegistrationManager.swift */ = {isa = PBXFileReference; lastKnownFileType = sourcecode.swift; path = RegistrationManager.swift; sourceTree = "<group>"; };
		94FC7844280C468F003477FA /* LoginManager.swift */ = {isa = PBXFileReference; lastKnownFileType = sourcecode.swift; path = LoginManager.swift; sourceTree = "<group>"; };
		94FC7846280C4744003477FA /* ForgetPasswordManager.swift */ = {isa = PBXFileReference; lastKnownFileType = sourcecode.swift; path = ForgetPasswordManager.swift; sourceTree = "<group>"; };
		94FC784A280C9E15003477FA /* GoogleService-Info.plist */ = {isa = PBXFileReference; fileEncoding = 4; lastKnownFileType = text.plist.xml; path = "GoogleService-Info.plist"; sourceTree = "<group>"; };
		9FE016AC1BA733E3B7570301 /* Pods-reshape-reshapeUITests.debug.xcconfig */ = {isa = PBXFileReference; includeInIndex = 1; lastKnownFileType = text.xcconfig; name = "Pods-reshape-reshapeUITests.debug.xcconfig"; path = "Target Support Files/Pods-reshape-reshapeUITests/Pods-reshape-reshapeUITests.debug.xcconfig"; sourceTree = "<group>"; };
		AD0F2C687CBD5D616D236A38 /* Pods-reshape.release.xcconfig */ = {isa = PBXFileReference; includeInIndex = 1; lastKnownFileType = text.xcconfig; name = "Pods-reshape.release.xcconfig"; path = "Target Support Files/Pods-reshape/Pods-reshape.release.xcconfig"; sourceTree = "<group>"; };
		B041F30DF3A3C417203BDB58 /* Pods-reshape.debug.xcconfig */ = {isa = PBXFileReference; includeInIndex = 1; lastKnownFileType = text.xcconfig; name = "Pods-reshape.debug.xcconfig"; path = "Target Support Files/Pods-reshape/Pods-reshape.debug.xcconfig"; sourceTree = "<group>"; };
		ED6BD05EB76C641AACDC618C /* Pods_reshapeTests.framework */ = {isa = PBXFileReference; explicitFileType = wrapper.framework; includeInIndex = 0; path = Pods_reshapeTests.framework; sourceTree = BUILT_PRODUCTS_DIR; };
/* End PBXFileReference section */

/* Begin PBXFrameworksBuildPhase section */
		36A9DAFA27E2AC3400DB5082 /* Frameworks */ = {
			isa = PBXFrameworksBuildPhase;
			buildActionMask = 2147483647;
			files = (
				2EAA1B5F2812ADFD00CA4847 /* CoreData.framework in Frameworks */,
				7603292D4EAB5D9C281BB938 /* Pods_reshape.framework in Frameworks */,
			);
			runOnlyForDeploymentPostprocessing = 0;
		};
		36A9DB1027E2AC3500DB5082 /* Frameworks */ = {
			isa = PBXFrameworksBuildPhase;
			buildActionMask = 2147483647;
			files = (
				164211D40170EA15FA9DA1D5 /* Pods_reshapeTests.framework in Frameworks */,
			);
			runOnlyForDeploymentPostprocessing = 0;
		};
		36A9DB1A27E2AC3500DB5082 /* Frameworks */ = {
			isa = PBXFrameworksBuildPhase;
			buildActionMask = 2147483647;
			files = (
				357B5FE6E268B6FAC461B2AB /* Pods_reshape_reshapeUITests.framework in Frameworks */,
			);
			runOnlyForDeploymentPostprocessing = 0;
		};
/* End PBXFrameworksBuildPhase section */

/* Begin PBXGroup section */
		246FD6F18E831BC8C5BD4F83 /* Frameworks */ = {
			isa = PBXGroup;
			children = (
				2EAA1B5E2812ADFD00CA4847 /* CoreData.framework */,
				10DCC44A988116639741C6F6 /* Pods_reshape.framework */,
				353F3C6FB248B36FB486BEDC /* Pods_reshape_reshapeUITests.framework */,
				ED6BD05EB76C641AACDC618C /* Pods_reshapeTests.framework */,
			);
			name = Frameworks;
			sourceTree = "<group>";
		};
		2E1F1DD827E4FB6000FA7B77 /* Views */ = {
			isa = PBXGroup;
			children = (
				2EF20BFB280DF19C0019CF64 /* UpGradientPanel.swift */,
				2E1F1DD927E4FB7E00FA7B77 /* EnterButton.swift */,
				945ADFAA27FC4EDD00222156 /* GenderStackView.swift */,
				941E811C27E614F300A33344 /* AuthStackView.swift */,
				94302BC727E72E56009E397B /* CloseButton.swift */,
				945B387127F0C4F70044E952 /* CustomView.swift */,
				945B387327F31FC00044E952 /* CircularProgressBarView.swift */,
				945B387527F357450044E952 /* PhotoProgressView.swift */,
				9478495D27FB2EC900138DA4 /* NavigationBarView.swift */,
				945ADFAC27FDC54800222156 /* GenderButton.swift */,
				94CAB99F2806BA0C00ACAB8C /* RegistrationContentView.swift */,
				2EF20BF3280DEC950019CF64 /* AbstractCell.swift */,
				2EC4E70F281345FB002AF235 /* WeightChart.swift */,
			);
			path = Views;
			sourceTree = "<group>";
		};
		2E602922281D83310050B200 /* Firebase */ = {
			isa = PBXGroup;
			children = (
				2EF3A23B281AA70900F6E38E /* DietFirebaseModelController.swift */,
			);
			path = Firebase;
			sourceTree = "<group>";
		};
		2EAA1B632812FE8F00CA4847 /* CoreData */ = {
			isa = PBXGroup;
			children = (
				2EC4E718281851F3002AF235 /* FireBaseWeightModel.swift */,
				2EAA1B642812FE8F00CA4847 /* WeightModel.xcdatamodeld */,
				2EAA1B672812FEC100CA4847 /* WeightModelController.swift */,
				2EAA1B6D28130A7800CA4847 /* WeightModel+CoreDataClass.swift */,
				2EAA1B6E28130A7800CA4847 /* WeightModel+CoreDataProperties.swift */,
			);
			path = CoreData;
			sourceTree = "<group>";
		};
		2EB767C72809F02D008868DD /* WeightScreen */ = {
			isa = PBXGroup;
			children = (
				2EAA1B632812FE8F00CA4847 /* CoreData */,
				2EF20BF9280DF0F00019CF64 /* Cells */,
				2EB767C82809F08F008868DD /* WeightPresenter.swift */,
				2EB767CA2809F08F008868DD /* WeightViewController.swift */,
				2EB767C92809F08F008868DD /* WeightRouter.swift */,
				2EB767CB2809F08F008868DD /* WeightProtocols.swift */,
				2EB767CD2809F08F008868DD /* WeightContainer.swift */,
				2E67309F2809F61000992435 /* WeightInteractor.swift */,
			);
			path = WeightScreen;
			sourceTree = "<group>";
		};
		2EC4E714281722B3002AF235 /* CoreData */ = {
			isa = PBXGroup;
			children = (
				2E07ABE0281D39D9005DE3E0 /* CellData+CoreDataClass.swift */,
				2E07ABE1281D39D9005DE3E0 /* CellData+CoreDataProperties.swift */,
				2EF3A23828196E9400F6E38E /* DietModel.xcdatamodeld */,
				2EF3A22E281858C300F6E38E /* MealData+CoreDataClass.swift */,
				2EF3A22F281858C300F6E38E /* MealData+CoreDataProperties.swift */,
				2EF3A23628196C3A00F6E38E /* DietModelController.swift */,
			);
			path = CoreData;
			sourceTree = "<group>";
		};
		2EECFF2C27E5035C00BD4BEF /* EnterScreen */ = {
			isa = PBXGroup;
			children = (
				2EECFF2D27E5037100BD4BEF /* EnterPresenter.swift */,
				2EECFF2E27E5037100BD4BEF /* EnterRouter.swift */,
				2EECFF2F27E5037100BD4BEF /* EnterViewController.swift */,
				2EECFF3027E5037100BD4BEF /* EnterProtocols.swift */,
				2EECFF3127E5037100BD4BEF /* EnterInteractor.swift */,
				2EECFF3227E5037100BD4BEF /* EnterContainer.swift */,
			);
			path = EnterScreen;
			sourceTree = "<group>";
		};
		2EECFF3927E505B500BD4BEF /* Application */ = {
			isa = PBXGroup;
			children = (
				94FC78362809E459003477FA /* NetworkManagers */,
				9478496327FC0A1400138DA4 /* Helpers */,
				945B383527ECC0A60044E952 /* Coordinator */,
				36A9DB0027E2AC3400DB5082 /* AppDelegate.swift */,
				36A9DB0227E2AC3400DB5082 /* SceneDelegate.swift */,
				2E1F1DBD27E4936700FA7B77 /* Main.storyboard */,
				94FC784A280C9E15003477FA /* GoogleService-Info.plist */,
				36A9DB0927E2AC3500DB5082 /* Assets.xcassets */,
				36A9DB0B27E2AC3500DB5082 /* LaunchScreen.storyboard */,
			);
			path = Application;
			sourceTree = "<group>";
		};
		2EF20BF1280DEBE70019CF64 /* Cells and Headers */ = {
			isa = PBXGroup;
			children = (
				2EA6509427F2ED06003F41FC /* DietCell.swift */,
				2EA1E8A027FCDB8E001B329A /* DietHeader.swift */,
				2EA1E89E27FCDB47001B329A /* MealCell.swift */,
			);
			path = "Cells and Headers";
			sourceTree = "<group>";
		};
		2EF20BF2280DEC310019CF64 /* DietEnums */ = {
			isa = PBXGroup;
			children = (
				2EB767C32806060D008868DD /* MealsType.swift */,
				2EB767C1280605E7008868DD /* DisclosureState.swift */,
			);
			path = DietEnums;
			sourceTree = "<group>";
		};
		2EF20BF9280DF0F00019CF64 /* Cells */ = {
			isa = PBXGroup;
			children = (
				2EF20BF7280DF0E70019CF64 /* WeightCell.swift */,
				2EF20BFD280F4F600019CF64 /* DateTimeCell.swift */,
			);
			path = Cells;
			sourceTree = "<group>";
		};
		2EF20BFF2810285A0019CF64 /* Entities */ = {
			isa = PBXGroup;
			children = (
				2EF20C00281028750019CF64 /* GradientType.swift */,
			);
			path = Entities;
			sourceTree = "<group>";
		};
		36A9DAF427E2AC3400DB5082 = {
			isa = PBXGroup;
			children = (
				36A9DAFF27E2AC3400DB5082 /* reshape */,
				36A9DB1627E2AC3500DB5082 /* reshapeTests */,
				36A9DB2027E2AC3500DB5082 /* reshapeUITests */,
				36A9DAFE27E2AC3400DB5082 /* Products */,
				C6CD8221CE97C34E95139CB0 /* Pods */,
				246FD6F18E831BC8C5BD4F83 /* Frameworks */,
			);
			sourceTree = "<group>";
		};
		36A9DAFE27E2AC3400DB5082 /* Products */ = {
			isa = PBXGroup;
			children = (
				36A9DAFD27E2AC3400DB5082 /* reshape.app */,
				36A9DB1327E2AC3500DB5082 /* reshapeTests.xctest */,
				36A9DB1D27E2AC3500DB5082 /* reshapeUITests.xctest */,
			);
			name = Products;
			sourceTree = "<group>";
		};
		36A9DAFF27E2AC3400DB5082 /* reshape */ = {
			isa = PBXGroup;
			children = (
				2EF20BFF2810285A0019CF64 /* Entities */,
				2EB767C72809F02D008868DD /* WeightScreen */,
				9478495027FB21ED00138DA4 /* RegistrationScreen */,
				945B383E27ECC3120044E952 /* ProfileScreen */,
				945B383D27ECC3030044E952 /* DietScreen */,
				945B383C27ECC2DB0044E952 /* ResultsScreen */,
				94302BBA27E66059009E397B /* ForgetPasswordScreen */,
				2EECFF3927E505B500BD4BEF /* Application */,
				2EECFF2C27E5035C00BD4BEF /* EnterScreen */,
				2E1F1DD827E4FB6000FA7B77 /* Views */,
				36A9DB0E27E2AC3500DB5082 /* Info.plist */,
				941E811B27E614A800A33344 /* LoginScreen */,
			);
			path = reshape;
			sourceTree = "<group>";
		};
		36A9DB1627E2AC3500DB5082 /* reshapeTests */ = {
			isa = PBXGroup;
			children = (
				36A9DB1727E2AC3500DB5082 /* reshapeTests.swift */,
			);
			path = reshapeTests;
			sourceTree = "<group>";
		};
		36A9DB2027E2AC3500DB5082 /* reshapeUITests */ = {
			isa = PBXGroup;
			children = (
				36A9DB2127E2AC3500DB5082 /* reshapeUITests.swift */,
				36A9DB2327E2AC3500DB5082 /* reshapeUITestsLaunchTests.swift */,
			);
			path = reshapeUITests;
			sourceTree = "<group>";
		};
		941E811B27E614A800A33344 /* LoginScreen */ = {
			isa = PBXGroup;
			children = (
				941E810F27E6149800A33344 /* LoginScreenPresenter.swift */,
				941E811027E6149800A33344 /* LoginScreenRouter.swift */,
				941E811127E6149800A33344 /* LoginScreenViewController.swift */,
				941E811227E6149800A33344 /* LoginScreenProtocols.swift */,
				941E811327E6149800A33344 /* LoginScreenInteractor.swift */,
				941E811427E6149800A33344 /* LoginScreenContainer.swift */,
				94FC7844280C468F003477FA /* LoginManager.swift */,
			);
			path = LoginScreen;
			sourceTree = "<group>";
		};
		94302BBA27E66059009E397B /* ForgetPasswordScreen */ = {
			isa = PBXGroup;
			children = (
				94302BBB27E66080009E397B /* ForgetPasswordScreenPresenter.swift */,
				94302BBC27E66080009E397B /* ForgetPasswordScreenRouter.swift */,
				94302BBD27E66080009E397B /* ForgetPasswordScreenViewController.swift */,
				94302BBE27E66080009E397B /* ForgetPasswordScreenProtocols.swift */,
				94302BBF27E66080009E397B /* ForgetPasswordScreenInteractor.swift */,
				94302BC027E66080009E397B /* ForgetPasswordScreenContainer.swift */,
				94FC7846280C4744003477FA /* ForgetPasswordManager.swift */,
			);
			path = ForgetPasswordScreen;
			sourceTree = "<group>";
		};
		945B383527ECC0A60044E952 /* Coordinator */ = {
			isa = PBXGroup;
			children = (
				2EA6508B27E9BB94003F41FC /* AuthCoordinator.swift */,
				945B383627ECC0B90044E952 /* AppCoordinator.swift */,
				945B383827ECC0C80044E952 /* MainFlowCoordinator.swift */,
				945B383A27ECC10D0044E952 /* CoordinatorProtocol.swift */,
			);
			path = Coordinator;
			sourceTree = "<group>";
		};
		945B383C27ECC2DB0044E952 /* ResultsScreen */ = {
			isa = PBXGroup;
			children = (
				945B387727F35FFC0044E952 /* Cells */,
				945B383F27ECC32A0044E952 /* ResultsScreenPresenter.swift */,
				945B384027ECC32A0044E952 /* ResultsScreenRouter.swift */,
				945B384127ECC32A0044E952 /* ResultsScreenViewController.swift */,
				945B384227ECC32A0044E952 /* ResultsScreenProtocols.swift */,
				945B384327ECC32A0044E952 /* ResultsScreenInteractor.swift */,
				945B384427ECC32A0044E952 /* ResultsScreenContainer.swift */,
			);
			path = ResultsScreen;
			sourceTree = "<group>";
		};
		945B383D27ECC3030044E952 /* DietScreen */ = {
			isa = PBXGroup;
			children = (
				2E602922281D83310050B200 /* Firebase */,
				2EC4E714281722B3002AF235 /* CoreData */,
				2EF20BF2280DEC310019CF64 /* DietEnums */,
				2EF20BF1280DEBE70019CF64 /* Cells and Headers */,
				945B384B27ECC33A0044E952 /* DietScreenPresenter.swift */,
				945B384C27ECC33A0044E952 /* DietScreenRouter.swift */,
				945B384D27ECC33A0044E952 /* DietScreenViewController.swift */,
				945B384E27ECC33A0044E952 /* DietScreenProtocols.swift */,
				945B384F27ECC33A0044E952 /* DietScreenInteractor.swift */,
				945B385027ECC33A0044E952 /* DietScreenContainer.swift */,
			);
			path = DietScreen;
			sourceTree = "<group>";
		};
		945B383E27ECC3120044E952 /* ProfileScreen */ = {
			isa = PBXGroup;
			children = (
				945B385727ECC3500044E952 /* ProfileScreenPresenter.swift */,
				945B385827ECC3500044E952 /* ProfileScreenRouter.swift */,
				945B385927ECC3500044E952 /* ProfileScreenViewController.swift */,
				945B385A27ECC3500044E952 /* ProfileScreenProtocols.swift */,
				945B385B27ECC3500044E952 /* ProfileScreenInteractor.swift */,
				945B385C27ECC3500044E952 /* ProfileScreenContainer.swift */,
			);
			path = ProfileScreen;
			sourceTree = "<group>";
		};
		945B387727F35FFC0044E952 /* Cells */ = {
			isa = PBXGroup;
			children = (
				9437920127F9AFA10000188E /* ResultCollectionCell.swift */,
				9437920227F9AFA10000188E /* ResultCollectionCell.xib */,
			);
			path = Cells;
			sourceTree = "<group>";
		};
		9478495027FB21ED00138DA4 /* RegistrationScreen */ = {
			isa = PBXGroup;
			children = (
				9478495127FB221400138DA4 /* RegisterScreenPresenter.swift */,
				9478495227FB221400138DA4 /* RegisterScreenRouter.swift */,
				9478495327FB221400138DA4 /* RegisterScreenViewController.swift */,
				9478495427FB221400138DA4 /* RegisterScreenProtocols.swift */,
				9478495527FB221400138DA4 /* RegisterScreenInteractor.swift */,
				9478495627FB221400138DA4 /* RegisterScreenContainer.swift */,
				94FC7842280C3A7A003477FA /* RegistrationManager.swift */,
			);
			path = RegistrationScreen;
			sourceTree = "<group>";
		};
		9478496327FC0A1400138DA4 /* Helpers */ = {
			isa = PBXGroup;
			children = (
				60E44D9728082AB000B3DDE6 /* ReuseIdentifier.swift */,
				60E44D9928082ABC00B3DDE6 /* ColorExtension.swift */,
				94E13DD427E8DC2D00E9E9F5 /* UIView+Layout.swift */,
				9478496427FC0A3500138DA4 /* ImagePicker.swift */,
				94FC78392809E586003477FA /* AuthErrorCode.swift */,
				94FC783B280B0C43003477FA /* Alert.swift */,
				2EF20C02281039E50019CF64 /* DateExtension.swift */,
				2EA1E8A228041343001B329A /* UIImage+Extension.swift */,
				2EC4E71A28185454002AF235 /* AbstractModelController.swift */,
			);
			path = Helpers;
			sourceTree = "<group>";
		};
		94FC78362809E459003477FA /* NetworkManagers */ = {
			isa = PBXGroup;
			children = (
				94FC78372809E46D003477FA /* AuthManger.swift */,
			);
			path = NetworkManagers;
			sourceTree = "<group>";
		};
		C6CD8221CE97C34E95139CB0 /* Pods */ = {
			isa = PBXGroup;
			children = (
				B041F30DF3A3C417203BDB58 /* Pods-reshape.debug.xcconfig */,
				AD0F2C687CBD5D616D236A38 /* Pods-reshape.release.xcconfig */,
				9FE016AC1BA733E3B7570301 /* Pods-reshape-reshapeUITests.debug.xcconfig */,
				2EEEA067D35A51C12D686E6E /* Pods-reshape-reshapeUITests.release.xcconfig */,
				1D2092E7B40FEE591F55FD98 /* Pods-reshapeTests.debug.xcconfig */,
				4FBE11EF8B315D8C7C4F9435 /* Pods-reshapeTests.release.xcconfig */,
			);
			path = Pods;
			sourceTree = "<group>";
		};
/* End PBXGroup section */

/* Begin PBXNativeTarget section */
		36A9DAFC27E2AC3400DB5082 /* reshape */ = {
			isa = PBXNativeTarget;
			buildConfigurationList = 36A9DB2727E2AC3500DB5082 /* Build configuration list for PBXNativeTarget "reshape" */;
			buildPhases = (
				886ED4B90199B74169C2DA9D /* [CP] Check Pods Manifest.lock */,
				36A9DAF927E2AC3400DB5082 /* Sources */,
				36A9DAFA27E2AC3400DB5082 /* Frameworks */,
				36A9DAFB27E2AC3400DB5082 /* Resources */,
				338DC6DEA37099125A27859E /* [CP] Embed Pods Frameworks */,
			);
			buildRules = (
			);
			dependencies = (
			);
			name = reshape;
			productName = reshape;
			productReference = 36A9DAFD27E2AC3400DB5082 /* reshape.app */;
			productType = "com.apple.product-type.application";
		};
		36A9DB1227E2AC3500DB5082 /* reshapeTests */ = {
			isa = PBXNativeTarget;
			buildConfigurationList = 36A9DB2A27E2AC3500DB5082 /* Build configuration list for PBXNativeTarget "reshapeTests" */;
			buildPhases = (
				387A9D544F87AE227E2FAE77 /* [CP] Check Pods Manifest.lock */,
				36A9DB0F27E2AC3500DB5082 /* Sources */,
				36A9DB1027E2AC3500DB5082 /* Frameworks */,
				36A9DB1127E2AC3500DB5082 /* Resources */,
			);
			buildRules = (
			);
			dependencies = (
				36A9DB1527E2AC3500DB5082 /* PBXTargetDependency */,
			);
			name = reshapeTests;
			productName = reshapeTests;
			productReference = 36A9DB1327E2AC3500DB5082 /* reshapeTests.xctest */;
			productType = "com.apple.product-type.bundle.unit-test";
		};
		36A9DB1C27E2AC3500DB5082 /* reshapeUITests */ = {
			isa = PBXNativeTarget;
			buildConfigurationList = 36A9DB2D27E2AC3500DB5082 /* Build configuration list for PBXNativeTarget "reshapeUITests" */;
			buildPhases = (
				F8FB89454B2FF5AEB1B70D58 /* [CP] Check Pods Manifest.lock */,
				36A9DB1927E2AC3500DB5082 /* Sources */,
				36A9DB1A27E2AC3500DB5082 /* Frameworks */,
				36A9DB1B27E2AC3500DB5082 /* Resources */,
				8D1D4EA1E3FE76A6EC302CFF /* [CP] Embed Pods Frameworks */,
			);
			buildRules = (
			);
			dependencies = (
				36A9DB1F27E2AC3500DB5082 /* PBXTargetDependency */,
			);
			name = reshapeUITests;
			productName = reshapeUITests;
			productReference = 36A9DB1D27E2AC3500DB5082 /* reshapeUITests.xctest */;
			productType = "com.apple.product-type.bundle.ui-testing";
		};
/* End PBXNativeTarget section */

/* Begin PBXProject section */
		36A9DAF527E2AC3400DB5082 /* Project object */ = {
			isa = PBXProject;
			attributes = {
				BuildIndependentTargetsInParallel = 1;
				LastSwiftUpdateCheck = 1310;
				LastUpgradeCheck = 1310;
				TargetAttributes = {
					36A9DAFC27E2AC3400DB5082 = {
						CreatedOnToolsVersion = 13.1;
					};
					36A9DB1227E2AC3500DB5082 = {
						CreatedOnToolsVersion = 13.1;
						TestTargetID = 36A9DAFC27E2AC3400DB5082;
					};
					36A9DB1C27E2AC3500DB5082 = {
						CreatedOnToolsVersion = 13.1;
						TestTargetID = 36A9DAFC27E2AC3400DB5082;
					};
				};
			};
			buildConfigurationList = 36A9DAF827E2AC3400DB5082 /* Build configuration list for PBXProject "reshape" */;
			compatibilityVersion = "Xcode 13.0";
			developmentRegion = en;
			hasScannedForEncodings = 0;
			knownRegions = (
				en,
				Base,
			);
			mainGroup = 36A9DAF427E2AC3400DB5082;
			productRefGroup = 36A9DAFE27E2AC3400DB5082 /* Products */;
			projectDirPath = "";
			projectRoot = "";
			targets = (
				36A9DAFC27E2AC3400DB5082 /* reshape */,
				36A9DB1227E2AC3500DB5082 /* reshapeTests */,
				36A9DB1C27E2AC3500DB5082 /* reshapeUITests */,
			);
		};
/* End PBXProject section */

/* Begin PBXResourcesBuildPhase section */
		36A9DAFB27E2AC3400DB5082 /* Resources */ = {
			isa = PBXResourcesBuildPhase;
			buildActionMask = 2147483647;
			files = (
				9437920427F9AFA10000188E /* ResultCollectionCell.xib in Resources */,
				2E1F1DBF27E4936700FA7B77 /* Main.storyboard in Resources */,
				94FC784B280C9E15003477FA /* GoogleService-Info.plist in Resources */,
				36A9DB0D27E2AC3500DB5082 /* LaunchScreen.storyboard in Resources */,
				36A9DB0A27E2AC3500DB5082 /* Assets.xcassets in Resources */,
			);
			runOnlyForDeploymentPostprocessing = 0;
		};
		36A9DB1127E2AC3500DB5082 /* Resources */ = {
			isa = PBXResourcesBuildPhase;
			buildActionMask = 2147483647;
			files = (
			);
			runOnlyForDeploymentPostprocessing = 0;
		};
		36A9DB1B27E2AC3500DB5082 /* Resources */ = {
			isa = PBXResourcesBuildPhase;
			buildActionMask = 2147483647;
			files = (
			);
			runOnlyForDeploymentPostprocessing = 0;
		};
/* End PBXResourcesBuildPhase section */

/* Begin PBXShellScriptBuildPhase section */
		338DC6DEA37099125A27859E /* [CP] Embed Pods Frameworks */ = {
			isa = PBXShellScriptBuildPhase;
			buildActionMask = 2147483647;
			files = (
			);
			inputFileListPaths = (
				"${PODS_ROOT}/Target Support Files/Pods-reshape/Pods-reshape-frameworks-${CONFIGURATION}-input-files.xcfilelist",
			);
			name = "[CP] Embed Pods Frameworks";
			outputFileListPaths = (
				"${PODS_ROOT}/Target Support Files/Pods-reshape/Pods-reshape-frameworks-${CONFIGURATION}-output-files.xcfilelist",
			);
			runOnlyForDeploymentPostprocessing = 0;
			shellPath = /bin/sh;
			shellScript = "\"${PODS_ROOT}/Target Support Files/Pods-reshape/Pods-reshape-frameworks.sh\"\n";
			showEnvVarsInLog = 0;
		};
		387A9D544F87AE227E2FAE77 /* [CP] Check Pods Manifest.lock */ = {
			isa = PBXShellScriptBuildPhase;
			buildActionMask = 2147483647;
			files = (
			);
			inputFileListPaths = (
			);
			inputPaths = (
				"${PODS_PODFILE_DIR_PATH}/Podfile.lock",
				"${PODS_ROOT}/Manifest.lock",
			);
			name = "[CP] Check Pods Manifest.lock";
			outputFileListPaths = (
			);
			outputPaths = (
				"$(DERIVED_FILE_DIR)/Pods-reshapeTests-checkManifestLockResult.txt",
			);
			runOnlyForDeploymentPostprocessing = 0;
			shellPath = /bin/sh;
			shellScript = "diff \"${PODS_PODFILE_DIR_PATH}/Podfile.lock\" \"${PODS_ROOT}/Manifest.lock\" > /dev/null\nif [ $? != 0 ] ; then\n    # print error to STDERR\n    echo \"error: The sandbox is not in sync with the Podfile.lock. Run 'pod install' or update your CocoaPods installation.\" >&2\n    exit 1\nfi\n# This output is used by Xcode 'outputs' to avoid re-running this script phase.\necho \"SUCCESS\" > \"${SCRIPT_OUTPUT_FILE_0}\"\n";
			showEnvVarsInLog = 0;
		};
		886ED4B90199B74169C2DA9D /* [CP] Check Pods Manifest.lock */ = {
			isa = PBXShellScriptBuildPhase;
			buildActionMask = 2147483647;
			files = (
			);
			inputFileListPaths = (
			);
			inputPaths = (
				"${PODS_PODFILE_DIR_PATH}/Podfile.lock",
				"${PODS_ROOT}/Manifest.lock",
			);
			name = "[CP] Check Pods Manifest.lock";
			outputFileListPaths = (
			);
			outputPaths = (
				"$(DERIVED_FILE_DIR)/Pods-reshape-checkManifestLockResult.txt",
			);
			runOnlyForDeploymentPostprocessing = 0;
			shellPath = /bin/sh;
			shellScript = "diff \"${PODS_PODFILE_DIR_PATH}/Podfile.lock\" \"${PODS_ROOT}/Manifest.lock\" > /dev/null\nif [ $? != 0 ] ; then\n    # print error to STDERR\n    echo \"error: The sandbox is not in sync with the Podfile.lock. Run 'pod install' or update your CocoaPods installation.\" >&2\n    exit 1\nfi\n# This output is used by Xcode 'outputs' to avoid re-running this script phase.\necho \"SUCCESS\" > \"${SCRIPT_OUTPUT_FILE_0}\"\n";
			showEnvVarsInLog = 0;
		};
		8D1D4EA1E3FE76A6EC302CFF /* [CP] Embed Pods Frameworks */ = {
			isa = PBXShellScriptBuildPhase;
			buildActionMask = 2147483647;
			files = (
			);
			inputFileListPaths = (
				"${PODS_ROOT}/Target Support Files/Pods-reshape-reshapeUITests/Pods-reshape-reshapeUITests-frameworks-${CONFIGURATION}-input-files.xcfilelist",
			);
			name = "[CP] Embed Pods Frameworks";
			outputFileListPaths = (
				"${PODS_ROOT}/Target Support Files/Pods-reshape-reshapeUITests/Pods-reshape-reshapeUITests-frameworks-${CONFIGURATION}-output-files.xcfilelist",
			);
			runOnlyForDeploymentPostprocessing = 0;
			shellPath = /bin/sh;
			shellScript = "\"${PODS_ROOT}/Target Support Files/Pods-reshape-reshapeUITests/Pods-reshape-reshapeUITests-frameworks.sh\"\n";
			showEnvVarsInLog = 0;
		};
		F8FB89454B2FF5AEB1B70D58 /* [CP] Check Pods Manifest.lock */ = {
			isa = PBXShellScriptBuildPhase;
			buildActionMask = 2147483647;
			files = (
			);
			inputFileListPaths = (
			);
			inputPaths = (
				"${PODS_PODFILE_DIR_PATH}/Podfile.lock",
				"${PODS_ROOT}/Manifest.lock",
			);
			name = "[CP] Check Pods Manifest.lock";
			outputFileListPaths = (
			);
			outputPaths = (
				"$(DERIVED_FILE_DIR)/Pods-reshape-reshapeUITests-checkManifestLockResult.txt",
			);
			runOnlyForDeploymentPostprocessing = 0;
			shellPath = /bin/sh;
			shellScript = "diff \"${PODS_PODFILE_DIR_PATH}/Podfile.lock\" \"${PODS_ROOT}/Manifest.lock\" > /dev/null\nif [ $? != 0 ] ; then\n    # print error to STDERR\n    echo \"error: The sandbox is not in sync with the Podfile.lock. Run 'pod install' or update your CocoaPods installation.\" >&2\n    exit 1\nfi\n# This output is used by Xcode 'outputs' to avoid re-running this script phase.\necho \"SUCCESS\" > \"${SCRIPT_OUTPUT_FILE_0}\"\n";
			showEnvVarsInLog = 0;
		};
/* End PBXShellScriptBuildPhase section */

/* Begin PBXSourcesBuildPhase section */
		36A9DAF927E2AC3400DB5082 /* Sources */ = {
			isa = PBXSourcesBuildPhase;
			buildActionMask = 2147483647;
			files = (
				2EF20BF8280DF0E70019CF64 /* WeightCell.swift in Sources */,
				2E07ABE2281D39D9005DE3E0 /* CellData+CoreDataClass.swift in Sources */,
				2EF20C03281039E50019CF64 /* DateExtension.swift in Sources */,
				945B385527ECC33A0044E952 /* DietScreenInteractor.swift in Sources */,
				941E811627E6149800A33344 /* LoginScreenRouter.swift in Sources */,
				2EB767C2280605E7008868DD /* DisclosureState.swift in Sources */,
				2EC4E710281345FC002AF235 /* WeightChart.swift in Sources */,
				941E811A27E6149800A33344 /* LoginScreenContainer.swift in Sources */,
				945B383727ECC0B90044E952 /* AppCoordinator.swift in Sources */,
				2EB767CE2809F08F008868DD /* WeightPresenter.swift in Sources */,
				941E811827E6149800A33344 /* LoginScreenProtocols.swift in Sources */,
				2E1F1DDA27E4FB7E00FA7B77 /* EnterButton.swift in Sources */,
				60E44D9828082AB000B3DDE6 /* ReuseIdentifier.swift in Sources */,
				2EECFF3527E5037100BD4BEF /* EnterViewController.swift in Sources */,
				2EECFF3427E5037100BD4BEF /* EnterRouter.swift in Sources */,
				2EC4E719281851F4002AF235 /* FireBaseWeightModel.swift in Sources */,
				2EF20BFC280DF19D0019CF64 /* UpGradientPanel.swift in Sources */,
				9478495B27FB221400138DA4 /* RegisterScreenInteractor.swift in Sources */,
				2EF3A231281858C300F6E38E /* MealData+CoreDataProperties.swift in Sources */,
				945B387627F357450044E952 /* PhotoProgressView.swift in Sources */,
				9478495927FB221400138DA4 /* RegisterScreenViewController.swift in Sources */,
				94302BC827E72E56009E397B /* CloseButton.swift in Sources */,
				94302BC227E66080009E397B /* ForgetPasswordScreenRouter.swift in Sources */,
				94FC7843280C3A7A003477FA /* RegistrationManager.swift in Sources */,
				945B384627ECC32A0044E952 /* ResultsScreenRouter.swift in Sources */,
				2EA6509527F2ED07003F41FC /* DietCell.swift in Sources */,
				945B385F27ECC3500044E952 /* ProfileScreenViewController.swift in Sources */,
				94302BC427E66080009E397B /* ForgetPasswordScreenProtocols.swift in Sources */,
				9478495C27FB221400138DA4 /* RegisterScreenContainer.swift in Sources */,
				945B386127ECC3500044E952 /* ProfileScreenInteractor.swift in Sources */,
				2EF3A23C281AA70900F6E38E /* DietFirebaseModelController.swift in Sources */,
				94FC783C280B0C43003477FA /* Alert.swift in Sources */,
				945ADFAB27FC4EDD00222156 /* GenderStackView.swift in Sources */,
				2EECFF3727E5037100BD4BEF /* EnterInteractor.swift in Sources */,
				945ADFAD27FDC54800222156 /* GenderButton.swift in Sources */,
				941E811927E6149800A33344 /* LoginScreenInteractor.swift in Sources */,
				945B387227F0C4F70044E952 /* CustomView.swift in Sources */,
				945B385E27ECC3500044E952 /* ProfileScreenRouter.swift in Sources */,
				9478495827FB221400138DA4 /* RegisterScreenRouter.swift in Sources */,
				945B385D27ECC3500044E952 /* ProfileScreenPresenter.swift in Sources */,
				2EECFF3627E5037100BD4BEF /* EnterProtocols.swift in Sources */,
				945B384827ECC32A0044E952 /* ResultsScreenProtocols.swift in Sources */,
				36A9DB0127E2AC3400DB5082 /* AppDelegate.swift in Sources */,
				9437920327F9AFA10000188E /* ResultCollectionCell.swift in Sources */,
				2EB767D12809F08F008868DD /* WeightProtocols.swift in Sources */,
				945B383B27ECC10D0044E952 /* CoordinatorProtocol.swift in Sources */,
				2EB767CF2809F08F008868DD /* WeightRouter.swift in Sources */,
				2EA1E8A127FCDB8E001B329A /* DietHeader.swift in Sources */,
				945B386027ECC3500044E952 /* ProfileScreenProtocols.swift in Sources */,
				945B384527ECC32A0044E952 /* ResultsScreenPresenter.swift in Sources */,
				2EA6508C27E9BB94003F41FC /* AuthCoordinator.swift in Sources */,
				2EECFF3827E5037100BD4BEF /* EnterContainer.swift in Sources */,
				94302BC527E66080009E397B /* ForgetPasswordScreenInteractor.swift in Sources */,
				945B385427ECC33A0044E952 /* DietScreenProtocols.swift in Sources */,
				2EB767D32809F08F008868DD /* WeightContainer.swift in Sources */,
				945B385327ECC33A0044E952 /* DietScreenViewController.swift in Sources */,
				94FC783A2809E586003477FA /* AuthErrorCode.swift in Sources */,
				2EF3A23728196C3A00F6E38E /* DietModelController.swift in Sources */,
				941E811527E6149800A33344 /* LoginScreenPresenter.swift in Sources */,
				2EECFF3327E5037100BD4BEF /* EnterPresenter.swift in Sources */,
				94302BC627E66080009E397B /* ForgetPasswordScreenContainer.swift in Sources */,
				945B385227ECC33A0044E952 /* DietScreenRouter.swift in Sources */,
				2EF20BFE280F4F600019CF64 /* DateTimeCell.swift in Sources */,
				945B387427F31FC00044E952 /* CircularProgressBarView.swift in Sources */,
				9478495E27FB2EC900138DA4 /* NavigationBarView.swift in Sources */,
				2EAA1B7028130A7800CA4847 /* WeightModel+CoreDataProperties.swift in Sources */,
				945B386227ECC3500044E952 /* ProfileScreenContainer.swift in Sources */,
				94FC7847280C4745003477FA /* ForgetPasswordManager.swift in Sources */,
				94CAB9A02806BA0C00ACAB8C /* RegistrationContentView.swift in Sources */,
				2EF3A23A28196E9400F6E38E /* DietModel.xcdatamodeld in Sources */,
				2E07ABE3281D39D9005DE3E0 /* CellData+CoreDataProperties.swift in Sources */,
				94E13DD527E8DC2D00E9E9F5 /* UIView+Layout.swift in Sources */,
				94302BC127E66080009E397B /* ForgetPasswordScreenPresenter.swift in Sources */,
				945B384927ECC32A0044E952 /* ResultsScreenInteractor.swift in Sources */,
				2EA1E8A328041343001B329A /* UIImage+Extension.swift in Sources */,
				9478496527FC0A3500138DA4 /* ImagePicker.swift in Sources */,
				94302BC327E66080009E397B /* ForgetPasswordScreenViewController.swift in Sources */,
				2EF20BF4280DEC950019CF64 /* AbstractCell.swift in Sources */,
				9478495727FB221400138DA4 /* RegisterScreenPresenter.swift in Sources */,
				60E44D9A28082ABC00B3DDE6 /* ColorExtension.swift in Sources */,
				945B383927ECC0C80044E952 /* MainFlowCoordinator.swift in Sources */,
				2EB767C42806060D008868DD /* MealsType.swift in Sources */,
				945B384727ECC32A0044E952 /* ResultsScreenViewController.swift in Sources */,
				2EF3A230281858C300F6E38E /* MealData+CoreDataClass.swift in Sources */,
				94FC78382809E46D003477FA /* AuthManger.swift in Sources */,
				2EAA1B6F28130A7800CA4847 /* WeightModel+CoreDataClass.swift in Sources */,
				941E811D27E614F300A33344 /* AuthStackView.swift in Sources */,
				2EF20C01281028750019CF64 /* GradientType.swift in Sources */,
				2EB767D02809F08F008868DD /* WeightViewController.swift in Sources */,
				941E811727E6149800A33344 /* LoginScreenViewController.swift in Sources */,
				2EA1E89F27FCDB47001B329A /* MealCell.swift in Sources */,
				2EC4E71B28185454002AF235 /* AbstractModelController.swift in Sources */,
				9478495A27FB221400138DA4 /* RegisterScreenProtocols.swift in Sources */,
				945B384A27ECC32A0044E952 /* ResultsScreenContainer.swift in Sources */,
				2EAA1B662812FE8F00CA4847 /* WeightModel.xcdatamodeld in Sources */,
				945B385627ECC33A0044E952 /* DietScreenContainer.swift in Sources */,
				94FC7845280C468F003477FA /* LoginManager.swift in Sources */,
				2E6730A02809F61000992435 /* WeightInteractor.swift in Sources */,
				2EAA1B682812FEC100CA4847 /* WeightModelController.swift in Sources */,
				36A9DB0327E2AC3400DB5082 /* SceneDelegate.swift in Sources */,
				945B385127ECC33A0044E952 /* DietScreenPresenter.swift in Sources */,
			);
			runOnlyForDeploymentPostprocessing = 0;
		};
		36A9DB0F27E2AC3500DB5082 /* Sources */ = {
			isa = PBXSourcesBuildPhase;
			buildActionMask = 2147483647;
			files = (
				36A9DB1827E2AC3500DB5082 /* reshapeTests.swift in Sources */,
			);
			runOnlyForDeploymentPostprocessing = 0;
		};
		36A9DB1927E2AC3500DB5082 /* Sources */ = {
			isa = PBXSourcesBuildPhase;
			buildActionMask = 2147483647;
			files = (
				36A9DB2227E2AC3500DB5082 /* reshapeUITests.swift in Sources */,
				36A9DB2427E2AC3500DB5082 /* reshapeUITestsLaunchTests.swift in Sources */,
			);
			runOnlyForDeploymentPostprocessing = 0;
		};
/* End PBXSourcesBuildPhase section */

/* Begin PBXTargetDependency section */
		36A9DB1527E2AC3500DB5082 /* PBXTargetDependency */ = {
			isa = PBXTargetDependency;
			target = 36A9DAFC27E2AC3400DB5082 /* reshape */;
			targetProxy = 36A9DB1427E2AC3500DB5082 /* PBXContainerItemProxy */;
		};
		36A9DB1F27E2AC3500DB5082 /* PBXTargetDependency */ = {
			isa = PBXTargetDependency;
			target = 36A9DAFC27E2AC3400DB5082 /* reshape */;
			targetProxy = 36A9DB1E27E2AC3500DB5082 /* PBXContainerItemProxy */;
		};
/* End PBXTargetDependency section */

/* Begin PBXVariantGroup section */
		2E1F1DBD27E4936700FA7B77 /* Main.storyboard */ = {
			isa = PBXVariantGroup;
			children = (
				2E1F1DBE27E4936700FA7B77 /* Base */,
			);
			name = Main.storyboard;
			sourceTree = "<group>";
		};
		36A9DB0B27E2AC3500DB5082 /* LaunchScreen.storyboard */ = {
			isa = PBXVariantGroup;
			children = (
				36A9DB0C27E2AC3500DB5082 /* Base */,
			);
			name = LaunchScreen.storyboard;
			sourceTree = "<group>";
		};
/* End PBXVariantGroup section */

/* Begin XCBuildConfiguration section */
		36A9DB2527E2AC3500DB5082 /* Debug */ = {
			isa = XCBuildConfiguration;
			buildSettings = {
				ALWAYS_SEARCH_USER_PATHS = NO;
				CLANG_ANALYZER_NONNULL = YES;
				CLANG_ANALYZER_NUMBER_OBJECT_CONVERSION = YES_AGGRESSIVE;
				CLANG_CXX_LANGUAGE_STANDARD = "gnu++17";
				CLANG_CXX_LIBRARY = "libc++";
				CLANG_ENABLE_MODULES = YES;
				CLANG_ENABLE_OBJC_ARC = YES;
				CLANG_ENABLE_OBJC_WEAK = YES;
				CLANG_WARN_BLOCK_CAPTURE_AUTORELEASING = YES;
				CLANG_WARN_BOOL_CONVERSION = YES;
				CLANG_WARN_COMMA = YES;
				CLANG_WARN_CONSTANT_CONVERSION = YES;
				CLANG_WARN_DEPRECATED_OBJC_IMPLEMENTATIONS = YES;
				CLANG_WARN_DIRECT_OBJC_ISA_USAGE = YES_ERROR;
				CLANG_WARN_DOCUMENTATION_COMMENTS = YES;
				CLANG_WARN_EMPTY_BODY = YES;
				CLANG_WARN_ENUM_CONVERSION = YES;
				CLANG_WARN_INFINITE_RECURSION = YES;
				CLANG_WARN_INT_CONVERSION = YES;
				CLANG_WARN_NON_LITERAL_NULL_CONVERSION = YES;
				CLANG_WARN_OBJC_IMPLICIT_RETAIN_SELF = YES;
				CLANG_WARN_OBJC_LITERAL_CONVERSION = YES;
				CLANG_WARN_OBJC_ROOT_CLASS = YES_ERROR;
				CLANG_WARN_QUOTED_INCLUDE_IN_FRAMEWORK_HEADER = YES;
				CLANG_WARN_RANGE_LOOP_ANALYSIS = YES;
				CLANG_WARN_STRICT_PROTOTYPES = YES;
				CLANG_WARN_SUSPICIOUS_MOVE = YES;
				CLANG_WARN_UNGUARDED_AVAILABILITY = YES_AGGRESSIVE;
				CLANG_WARN_UNREACHABLE_CODE = YES;
				CLANG_WARN__DUPLICATE_METHOD_MATCH = YES;
				COPY_PHASE_STRIP = NO;
				DEBUG_INFORMATION_FORMAT = dwarf;
				ENABLE_STRICT_OBJC_MSGSEND = YES;
				ENABLE_TESTABILITY = YES;
				GCC_C_LANGUAGE_STANDARD = gnu11;
				GCC_DYNAMIC_NO_PIC = NO;
				GCC_NO_COMMON_BLOCKS = YES;
				GCC_OPTIMIZATION_LEVEL = 0;
				GCC_PREPROCESSOR_DEFINITIONS = (
					"DEBUG=1",
					"$(inherited)",
				);
				GCC_WARN_64_TO_32_BIT_CONVERSION = YES;
				GCC_WARN_ABOUT_RETURN_TYPE = YES_ERROR;
				GCC_WARN_UNDECLARED_SELECTOR = YES;
				GCC_WARN_UNINITIALIZED_AUTOS = YES_AGGRESSIVE;
				GCC_WARN_UNUSED_FUNCTION = YES;
				GCC_WARN_UNUSED_VARIABLE = YES;
				IPHONEOS_DEPLOYMENT_TARGET = 15.1;
				MTL_ENABLE_DEBUG_INFO = INCLUDE_SOURCE;
				MTL_FAST_MATH = YES;
				ONLY_ACTIVE_ARCH = YES;
				SDKROOT = iphoneos;
				SWIFT_ACTIVE_COMPILATION_CONDITIONS = DEBUG;
				SWIFT_OPTIMIZATION_LEVEL = "-Onone";
			};
			name = Debug;
		};
		36A9DB2627E2AC3500DB5082 /* Release */ = {
			isa = XCBuildConfiguration;
			buildSettings = {
				ALWAYS_SEARCH_USER_PATHS = NO;
				CLANG_ANALYZER_NONNULL = YES;
				CLANG_ANALYZER_NUMBER_OBJECT_CONVERSION = YES_AGGRESSIVE;
				CLANG_CXX_LANGUAGE_STANDARD = "gnu++17";
				CLANG_CXX_LIBRARY = "libc++";
				CLANG_ENABLE_MODULES = YES;
				CLANG_ENABLE_OBJC_ARC = YES;
				CLANG_ENABLE_OBJC_WEAK = YES;
				CLANG_WARN_BLOCK_CAPTURE_AUTORELEASING = YES;
				CLANG_WARN_BOOL_CONVERSION = YES;
				CLANG_WARN_COMMA = YES;
				CLANG_WARN_CONSTANT_CONVERSION = YES;
				CLANG_WARN_DEPRECATED_OBJC_IMPLEMENTATIONS = YES;
				CLANG_WARN_DIRECT_OBJC_ISA_USAGE = YES_ERROR;
				CLANG_WARN_DOCUMENTATION_COMMENTS = YES;
				CLANG_WARN_EMPTY_BODY = YES;
				CLANG_WARN_ENUM_CONVERSION = YES;
				CLANG_WARN_INFINITE_RECURSION = YES;
				CLANG_WARN_INT_CONVERSION = YES;
				CLANG_WARN_NON_LITERAL_NULL_CONVERSION = YES;
				CLANG_WARN_OBJC_IMPLICIT_RETAIN_SELF = YES;
				CLANG_WARN_OBJC_LITERAL_CONVERSION = YES;
				CLANG_WARN_OBJC_ROOT_CLASS = YES_ERROR;
				CLANG_WARN_QUOTED_INCLUDE_IN_FRAMEWORK_HEADER = YES;
				CLANG_WARN_RANGE_LOOP_ANALYSIS = YES;
				CLANG_WARN_STRICT_PROTOTYPES = YES;
				CLANG_WARN_SUSPICIOUS_MOVE = YES;
				CLANG_WARN_UNGUARDED_AVAILABILITY = YES_AGGRESSIVE;
				CLANG_WARN_UNREACHABLE_CODE = YES;
				CLANG_WARN__DUPLICATE_METHOD_MATCH = YES;
				COPY_PHASE_STRIP = NO;
				DEBUG_INFORMATION_FORMAT = "dwarf-with-dsym";
				ENABLE_NS_ASSERTIONS = NO;
				ENABLE_STRICT_OBJC_MSGSEND = YES;
				GCC_C_LANGUAGE_STANDARD = gnu11;
				GCC_NO_COMMON_BLOCKS = YES;
				GCC_WARN_64_TO_32_BIT_CONVERSION = YES;
				GCC_WARN_ABOUT_RETURN_TYPE = YES_ERROR;
				GCC_WARN_UNDECLARED_SELECTOR = YES;
				GCC_WARN_UNINITIALIZED_AUTOS = YES_AGGRESSIVE;
				GCC_WARN_UNUSED_FUNCTION = YES;
				GCC_WARN_UNUSED_VARIABLE = YES;
				IPHONEOS_DEPLOYMENT_TARGET = 15.1;
				MTL_ENABLE_DEBUG_INFO = NO;
				MTL_FAST_MATH = YES;
				SDKROOT = iphoneos;
				SWIFT_COMPILATION_MODE = wholemodule;
				SWIFT_OPTIMIZATION_LEVEL = "-O";
				VALIDATE_PRODUCT = YES;
			};
			name = Release;
		};
		36A9DB2827E2AC3500DB5082 /* Debug */ = {
			isa = XCBuildConfiguration;
			baseConfigurationReference = B041F30DF3A3C417203BDB58 /* Pods-reshape.debug.xcconfig */;
			buildSettings = {
				ASSETCATALOG_COMPILER_APPICON_NAME = AppIcon;
				ASSETCATALOG_COMPILER_GLOBAL_ACCENT_COLOR_NAME = AccentColor;
				CODE_SIGN_STYLE = Automatic;
				CURRENT_PROJECT_VERSION = 1;
				DEVELOPMENT_TEAM = 28923ZJ47C;
				GENERATE_INFOPLIST_FILE = YES;
				INFOPLIST_FILE = reshape/Info.plist;
				INFOPLIST_KEY_UIApplicationSupportsIndirectInputEvents = YES;
				INFOPLIST_KEY_UILaunchStoryboardName = LaunchScreen;
				INFOPLIST_KEY_UIMainStoryboardFile = Main;
				INFOPLIST_KEY_UISupportedInterfaceOrientations = UIInterfaceOrientationPortrait;
				INFOPLIST_KEY_UISupportedInterfaceOrientations_iPad = "UIInterfaceOrientationPortrait UIInterfaceOrientationPortraitUpsideDown UIInterfaceOrientationLandscapeLeft UIInterfaceOrientationLandscapeRight";
				INFOPLIST_KEY_UISupportedInterfaceOrientations_iPhone = "UIInterfaceOrientationPortrait UIInterfaceOrientationLandscapeLeft UIInterfaceOrientationLandscapeRight";
				LD_RUNPATH_SEARCH_PATHS = (
					"$(inherited)",
					"@executable_path/Frameworks",
				);
				MARKETING_VERSION = 1.0;
				PRODUCT_BUNDLE_IDENTIFIER = ru.reshape;
				PRODUCT_NAME = "$(TARGET_NAME)";
				SWIFT_EMIT_LOC_STRINGS = YES;
				SWIFT_VERSION = 5.0;
				TARGETED_DEVICE_FAMILY = "1,2";
			};
			name = Debug;
		};
		36A9DB2927E2AC3500DB5082 /* Release */ = {
			isa = XCBuildConfiguration;
			baseConfigurationReference = AD0F2C687CBD5D616D236A38 /* Pods-reshape.release.xcconfig */;
			buildSettings = {
				ASSETCATALOG_COMPILER_APPICON_NAME = AppIcon;
				ASSETCATALOG_COMPILER_GLOBAL_ACCENT_COLOR_NAME = AccentColor;
				CODE_SIGN_STYLE = Automatic;
				CURRENT_PROJECT_VERSION = 1;
				DEVELOPMENT_TEAM = 28923ZJ47C;
				GENERATE_INFOPLIST_FILE = YES;
				INFOPLIST_FILE = reshape/Info.plist;
				INFOPLIST_KEY_UIApplicationSupportsIndirectInputEvents = YES;
				INFOPLIST_KEY_UILaunchStoryboardName = LaunchScreen;
				INFOPLIST_KEY_UIMainStoryboardFile = Main;
				INFOPLIST_KEY_UISupportedInterfaceOrientations = UIInterfaceOrientationPortrait;
				INFOPLIST_KEY_UISupportedInterfaceOrientations_iPad = "UIInterfaceOrientationPortrait UIInterfaceOrientationPortraitUpsideDown UIInterfaceOrientationLandscapeLeft UIInterfaceOrientationLandscapeRight";
				INFOPLIST_KEY_UISupportedInterfaceOrientations_iPhone = "UIInterfaceOrientationPortrait UIInterfaceOrientationLandscapeLeft UIInterfaceOrientationLandscapeRight";
				LD_RUNPATH_SEARCH_PATHS = (
					"$(inherited)",
					"@executable_path/Frameworks",
				);
				MARKETING_VERSION = 1.0;
				PRODUCT_BUNDLE_IDENTIFIER = ru.reshape;
				PRODUCT_NAME = "$(TARGET_NAME)";
				SWIFT_EMIT_LOC_STRINGS = YES;
				SWIFT_VERSION = 5.0;
				TARGETED_DEVICE_FAMILY = "1,2";
			};
			name = Release;
		};
		36A9DB2B27E2AC3500DB5082 /* Debug */ = {
			isa = XCBuildConfiguration;
			baseConfigurationReference = 1D2092E7B40FEE591F55FD98 /* Pods-reshapeTests.debug.xcconfig */;
			buildSettings = {
				ALWAYS_EMBED_SWIFT_STANDARD_LIBRARIES = YES;
				BUNDLE_LOADER = "$(TEST_HOST)";
				CODE_SIGN_STYLE = Automatic;
				CURRENT_PROJECT_VERSION = 1;
				DEVELOPMENT_TEAM = 28923ZJ47C;
				GENERATE_INFOPLIST_FILE = YES;
				IPHONEOS_DEPLOYMENT_TARGET = 15.0;
				LD_RUNPATH_SEARCH_PATHS = (
					"$(inherited)",
					"@executable_path/Frameworks",
					"@loader_path/Frameworks",
				);
				MARKETING_VERSION = 1.0;
				PRODUCT_BUNDLE_IDENTIFIER = "-.reshapeTests";
				PRODUCT_NAME = "$(TARGET_NAME)";
				SWIFT_EMIT_LOC_STRINGS = NO;
				SWIFT_VERSION = 5.0;
				TARGETED_DEVICE_FAMILY = "1,2";
				TEST_HOST = "$(BUILT_PRODUCTS_DIR)/reshape.app/reshape";
			};
			name = Debug;
		};
		36A9DB2C27E2AC3500DB5082 /* Release */ = {
			isa = XCBuildConfiguration;
			baseConfigurationReference = 4FBE11EF8B315D8C7C4F9435 /* Pods-reshapeTests.release.xcconfig */;
			buildSettings = {
				ALWAYS_EMBED_SWIFT_STANDARD_LIBRARIES = YES;
				BUNDLE_LOADER = "$(TEST_HOST)";
				CODE_SIGN_STYLE = Automatic;
				CURRENT_PROJECT_VERSION = 1;
				DEVELOPMENT_TEAM = 28923ZJ47C;
				GENERATE_INFOPLIST_FILE = YES;
				IPHONEOS_DEPLOYMENT_TARGET = 15.0;
				LD_RUNPATH_SEARCH_PATHS = (
					"$(inherited)",
					"@executable_path/Frameworks",
					"@loader_path/Frameworks",
				);
				MARKETING_VERSION = 1.0;
				PRODUCT_BUNDLE_IDENTIFIER = "-.reshapeTests";
				PRODUCT_NAME = "$(TARGET_NAME)";
				SWIFT_EMIT_LOC_STRINGS = NO;
				SWIFT_VERSION = 5.0;
				TARGETED_DEVICE_FAMILY = "1,2";
				TEST_HOST = "$(BUILT_PRODUCTS_DIR)/reshape.app/reshape";
			};
			name = Release;
		};
		36A9DB2E27E2AC3500DB5082 /* Debug */ = {
			isa = XCBuildConfiguration;
			baseConfigurationReference = 9FE016AC1BA733E3B7570301 /* Pods-reshape-reshapeUITests.debug.xcconfig */;
			buildSettings = {
				ALWAYS_EMBED_SWIFT_STANDARD_LIBRARIES = YES;
				CODE_SIGN_STYLE = Automatic;
				CURRENT_PROJECT_VERSION = 1;
				DEVELOPMENT_TEAM = 28923ZJ47C;
				GENERATE_INFOPLIST_FILE = YES;
				LD_RUNPATH_SEARCH_PATHS = (
					"$(inherited)",
					"@executable_path/Frameworks",
					"@loader_path/Frameworks",
				);
				MARKETING_VERSION = 1.0;
				PRODUCT_BUNDLE_IDENTIFIER = "-.reshapeUITests";
				PRODUCT_NAME = "$(TARGET_NAME)";
				SWIFT_EMIT_LOC_STRINGS = NO;
				SWIFT_VERSION = 5.0;
				TARGETED_DEVICE_FAMILY = "1,2";
				TEST_TARGET_NAME = reshape;
			};
			name = Debug;
		};
		36A9DB2F27E2AC3500DB5082 /* Release */ = {
			isa = XCBuildConfiguration;
			baseConfigurationReference = 2EEEA067D35A51C12D686E6E /* Pods-reshape-reshapeUITests.release.xcconfig */;
			buildSettings = {
				ALWAYS_EMBED_SWIFT_STANDARD_LIBRARIES = YES;
				CODE_SIGN_STYLE = Automatic;
				CURRENT_PROJECT_VERSION = 1;
				DEVELOPMENT_TEAM = 28923ZJ47C;
				GENERATE_INFOPLIST_FILE = YES;
				LD_RUNPATH_SEARCH_PATHS = (
					"$(inherited)",
					"@executable_path/Frameworks",
					"@loader_path/Frameworks",
				);
				MARKETING_VERSION = 1.0;
				PRODUCT_BUNDLE_IDENTIFIER = "-.reshapeUITests";
				PRODUCT_NAME = "$(TARGET_NAME)";
				SWIFT_EMIT_LOC_STRINGS = NO;
				SWIFT_VERSION = 5.0;
				TARGETED_DEVICE_FAMILY = "1,2";
				TEST_TARGET_NAME = reshape;
			};
			name = Release;
		};
/* End XCBuildConfiguration section */

/* Begin XCConfigurationList section */
		36A9DAF827E2AC3400DB5082 /* Build configuration list for PBXProject "reshape" */ = {
			isa = XCConfigurationList;
			buildConfigurations = (
				36A9DB2527E2AC3500DB5082 /* Debug */,
				36A9DB2627E2AC3500DB5082 /* Release */,
			);
			defaultConfigurationIsVisible = 0;
			defaultConfigurationName = Release;
		};
		36A9DB2727E2AC3500DB5082 /* Build configuration list for PBXNativeTarget "reshape" */ = {
			isa = XCConfigurationList;
			buildConfigurations = (
				36A9DB2827E2AC3500DB5082 /* Debug */,
				36A9DB2927E2AC3500DB5082 /* Release */,
			);
			defaultConfigurationIsVisible = 0;
			defaultConfigurationName = Release;
		};
		36A9DB2A27E2AC3500DB5082 /* Build configuration list for PBXNativeTarget "reshapeTests" */ = {
			isa = XCConfigurationList;
			buildConfigurations = (
				36A9DB2B27E2AC3500DB5082 /* Debug */,
				36A9DB2C27E2AC3500DB5082 /* Release */,
			);
			defaultConfigurationIsVisible = 0;
			defaultConfigurationName = Release;
		};
		36A9DB2D27E2AC3500DB5082 /* Build configuration list for PBXNativeTarget "reshapeUITests" */ = {
			isa = XCConfigurationList;
			buildConfigurations = (
				36A9DB2E27E2AC3500DB5082 /* Debug */,
				36A9DB2F27E2AC3500DB5082 /* Release */,
			);
			defaultConfigurationIsVisible = 0;
			defaultConfigurationName = Release;
		};
/* End XCConfigurationList section */

/* Begin XCVersionGroup section */
		2EAA1B642812FE8F00CA4847 /* WeightModel.xcdatamodeld */ = {
			isa = XCVersionGroup;
			children = (
				2EAA1B652812FE8F00CA4847 /* CoreDataModel.xcdatamodel */,
			);
			currentVersion = 2EAA1B652812FE8F00CA4847 /* CoreDataModel.xcdatamodel */;
			path = WeightModel.xcdatamodeld;
			sourceTree = "<group>";
			versionGroupType = wrapper.xcdatamodel;
		};
		2EF3A23828196E9400F6E38E /* DietModel.xcdatamodeld */ = {
			isa = XCVersionGroup;
			children = (
				2EF3A23928196E9400F6E38E /* DietModel.xcdatamodel */,
			);
			currentVersion = 2EF3A23928196E9400F6E38E /* DietModel.xcdatamodel */;
			path = DietModel.xcdatamodeld;
			sourceTree = "<group>";
			versionGroupType = wrapper.xcdatamodel;
		};
/* End XCVersionGroup section */
	};
	rootObject = 36A9DAF527E2AC3400DB5082 /* Project object */;
}
